
Microsoft Visual Studio Solution File, Format Version 12.00
# Visual Studio Version 16
VisualStudioVersion = 16.0.30804.86
MinimumVisualStudioVersion = 10.0.40219.1
Project("{9A19103F-16F7-4668-BE54-9A1E7A4F7556}") = "ConsoleApp", "ConsoleApp\ConsoleApp.csproj", "{D4C91530-5DA2-4CC6-ABE8-7253AC92BEF7}"
EndProject
Project("{9A19103F-16F7-4668-BE54-9A1E7A4F7556}") = "OOP", "OOP\OOP.csproj", "{93B17D76-DBA2-4ABE-A5BB-92E009074BBB}"
EndProject
Project("{9A19103F-16F7-4668-BE54-9A1E7A4F7556}") = "FunStuff", "FunStuff\FunStuff.csproj", "{DC0663E8-4CC1-4C4C-B2AF-49279D5003E3}"
EndProject
Project("{9A19103F-16F7-4668-BE54-9A1E7A4F7556}") = "ExceptionHandling", "ExceptionHandling\ExceptionHandling.csproj", "{3C76B57A-58B2-412D-9E39-BC061604D08C}"
EndProject
Project("{9A19103F-16F7-4668-BE54-9A1E7A4F7556}") = "GenericsAndCollections", "GenericsAndCollections\GenericsAndCollections.csproj", "{65375676-3CF1-4735-A229-9C9154D23D02}"
EndProject
Project("{9A19103F-16F7-4668-BE54-9A1E7A4F7556}") = "Delegation", "Delegation\Delegation.csproj", "{0D23E1BC-0103-42AB-B758-6750CDED86B5}"
EndProject
Project("{9A19103F-16F7-4668-BE54-9A1E7A4F7556}") = "DelegateTask", "DelegateTask\DelegateTask.csproj", "{66DDB855-728D-48DB-BE6D-64C9A4E2EF27}"
EndProject
Project("{9A19103F-16F7-4668-BE54-9A1E7A4F7556}") = "LINQy", "LINQy\LINQy.csproj", "{DCD5341E-0459-45A4-AE38-E7A17102DB99}"
EndProject
Project("{9A19103F-16F7-4668-BE54-9A1E7A4F7556}") = "EventExample", "EventExample\EventExample.csproj", "{D838CEF6-D73E-432A-8318-370A5AEB2252}"
EndProject
Project("{9A19103F-16F7-4668-BE54-9A1E7A4F7556}") = "EventHandlerSample", "EventHandlerSample\EventHandlerSample.csproj", "{F3CF04A5-3F76-4E0B-86BE-222A19CDA0EF}"
EndProject
Project("{9A19103F-16F7-4668-BE54-9A1E7A4F7556}") = "Currency.Library", "Currency.Library\Currency.Library.csproj", "{1EDFD4A0-CD7C-4CD3-A2DC-0E561A9AD4FC}"
EndProject
Project("{2150E333-8FDC-42A3-9474-1A3956D46DE8}") = "Others", "Others", "{F0335906-EA2D-4D86-86E0-B25EE866130D}"
EndProject
Project("{2150E333-8FDC-42A3-9474-1A3956D46DE8}") = "CurrencyProject", "CurrencyProject", "{9E95E97D-4D07-4AA4-99E6-79801E9D155F}"
EndProject
Project("{9A19103F-16F7-4668-BE54-9A1E7A4F7556}") = "Currency.Project", "Currency.Project\Currency.Project.csproj", "{5840FB6E-2214-4B88-B01B-89A84CDAAC6E}"
EndProject
Project("{2150E333-8FDC-42A3-9474-1A3956D46DE8}") = "NUGETBit", "NUGETBit", "{2A31B4C8-1F3C-42EB-979E-1755D7774357}"
EndProject
Project("{9A19103F-16F7-4668-BE54-9A1E7A4F7556}") = "NUGETRef", "NUGETRef\NUGETRef.csproj", "{9D206D5E-AB55-4111-B921-3323C5B34466}"
EndProject
Project("{2150E333-8FDC-42A3-9474-1A3956D46DE8}") = "Testing", "Testing", "{0D0AF0F1-A656-47C6-9BA1-EED6183BECD1}"
EndProject
Project("{9A19103F-16F7-4668-BE54-9A1E7A4F7556}") = "Car.Library", "Car.Library\Car.Library.csproj", "{A50666ED-7807-4F55-B35B-E4C786881AB3}"
EndProject
Project("{9A19103F-16F7-4668-BE54-9A1E7A4F7556}") = "Car.MSTest", "Car.MSTest\Car.MSTest.csproj", "{056AED7D-A81E-487B-A9BC-3AE9DE417566}"
EndProject
Project("{9A19103F-16F7-4668-BE54-9A1E7A4F7556}") = "Car.NUnit", "Car.NUnit\Car.NUnit.csproj", "{628C73A8-745D-41E1-822C-A1DE28BA449F}"
EndProject
Project("{9A19103F-16F7-4668-BE54-9A1E7A4F7556}") = "Car.XUnit", "Car.XUnit\Car.XUnit.csproj", "{31133612-7F8A-4F54-80C1-942CD808AAFD}"
EndProject
Project("{2150E333-8FDC-42A3-9474-1A3956D46DE8}") = "Mocking", "Mocking", "{02EC21B6-EB36-4B6F-A285-6E6445E44531}"
EndProject
Project("{9A19103F-16F7-4668-BE54-9A1E7A4F7556}") = "CarConsole", "CarConsole\CarConsole.csproj", "{E6A10847-AC3D-4C35-A0CB-0BD07BA20F00}"
EndProject
Project("{9A19103F-16F7-4668-BE54-9A1E7A4F7556}") = "CarConsoleTest", "CarConsoleTest\CarConsoleTest.csproj", "{BDF29C07-B709-4BC1-8AF7-C50AF389EE69}"
EndProject
Project("{2150E333-8FDC-42A3-9474-1A3956D46DE8}") = "Specflow", "Specflow", "{2C03AB30-0112-491F-97BD-6A5EA016F6C1}"
EndProject
Project("{9A19103F-16F7-4668-BE54-9A1E7A4F7556}") = "SpecFlowCalculator", "SpecFlowCalculator\SpecFlowCalculator.csproj", "{6FCC56FF-EB7B-4A38-BDC1-B56B5F0F4C1A}"
EndProject
Project("{9A19103F-16F7-4668-BE54-9A1E7A4F7556}") = "SpecFlowCalculator.Specs", "SpecFlowCalculator.Specs\SpecFlowCalculator.Specs.csproj", "{EA370DF0-DA86-4A76-8388-383D19D6BCBC}"
EndProject
Project("{9A19103F-16F7-4668-BE54-9A1E7A4F7556}") = "CarSpecFlow", "CarSpecFlow\CarSpecFlow.csproj", "{AAE4298E-F238-4A59-8FA9-FB00821195E6}"
EndProject
Project("{9A19103F-16F7-4668-BE54-9A1E7A4F7556}") = "CarSpecFlowProject", "CarSpecFlowProject\CarSpecFlowProject.csproj", "{93DA7E10-7127-48FE-87B4-978B7CD694C2}"
EndProject
Project("{2150E333-8FDC-42A3-9474-1A3956D46DE8}") = "SOLID", "SOLID", "{C82EF804-D134-483A-80BC-04A194320CF4}"
EndProject
Project("{FAE04EC0-301F-11D3-BF4B-00C04F79EFBC}") = "CustomerApp", "CustomerApp\CustomerApp.csproj", "{DC423BB7-E870-42A5-83D5-F056CECCC03C}"
EndProject
Project("{FAE04EC0-301F-11D3-BF4B-00C04F79EFBC}") = "CustomerAppImplementation", "CustomerAppImplementation\CustomerAppImplementation.csproj", "{1C6EDB77-96A1-4B23-9CED-741E22A72702}"
EndProject
Global
	GlobalSection(SolutionConfigurationPlatforms) = preSolution
		Debug|Any CPU = Debug|Any CPU
		Release|Any CPU = Release|Any CPU
	EndGlobalSection
	GlobalSection(ProjectConfigurationPlatforms) = postSolution
		{D4C91530-5DA2-4CC6-ABE8-7253AC92BEF7}.Debug|Any CPU.ActiveCfg = Debug|Any CPU
		{D4C91530-5DA2-4CC6-ABE8-7253AC92BEF7}.Debug|Any CPU.Build.0 = Debug|Any CPU
		{D4C91530-5DA2-4CC6-ABE8-7253AC92BEF7}.Release|Any CPU.ActiveCfg = Release|Any CPU
		{D4C91530-5DA2-4CC6-ABE8-7253AC92BEF7}.Release|Any CPU.Build.0 = Release|Any CPU
		{93B17D76-DBA2-4ABE-A5BB-92E009074BBB}.Debug|Any CPU.ActiveCfg = Debug|Any CPU
		{93B17D76-DBA2-4ABE-A5BB-92E009074BBB}.Debug|Any CPU.Build.0 = Debug|Any CPU
		{93B17D76-DBA2-4ABE-A5BB-92E009074BBB}.Release|Any CPU.ActiveCfg = Release|Any CPU
		{93B17D76-DBA2-4ABE-A5BB-92E009074BBB}.Release|Any CPU.Build.0 = Release|Any CPU
		{DC0663E8-4CC1-4C4C-B2AF-49279D5003E3}.Debug|Any CPU.ActiveCfg = Debug|Any CPU
		{DC0663E8-4CC1-4C4C-B2AF-49279D5003E3}.Debug|Any CPU.Build.0 = Debug|Any CPU
		{DC0663E8-4CC1-4C4C-B2AF-49279D5003E3}.Release|Any CPU.ActiveCfg = Release|Any CPU
		{DC0663E8-4CC1-4C4C-B2AF-49279D5003E3}.Release|Any CPU.Build.0 = Release|Any CPU
		{3C76B57A-58B2-412D-9E39-BC061604D08C}.Debug|Any CPU.ActiveCfg = Debug|Any CPU
		{3C76B57A-58B2-412D-9E39-BC061604D08C}.Debug|Any CPU.Build.0 = Debug|Any CPU
		{3C76B57A-58B2-412D-9E39-BC061604D08C}.Release|Any CPU.ActiveCfg = Release|Any CPU
		{3C76B57A-58B2-412D-9E39-BC061604D08C}.Release|Any CPU.Build.0 = Release|Any CPU
		{65375676-3CF1-4735-A229-9C9154D23D02}.Debug|Any CPU.ActiveCfg = Debug|Any CPU
		{65375676-3CF1-4735-A229-9C9154D23D02}.Debug|Any CPU.Build.0 = Debug|Any CPU
		{65375676-3CF1-4735-A229-9C9154D23D02}.Release|Any CPU.ActiveCfg = Release|Any CPU
		{65375676-3CF1-4735-A229-9C9154D23D02}.Release|Any CPU.Build.0 = Release|Any CPU
		{0D23E1BC-0103-42AB-B758-6750CDED86B5}.Debug|Any CPU.ActiveCfg = Debug|Any CPU
		{0D23E1BC-0103-42AB-B758-6750CDED86B5}.Debug|Any CPU.Build.0 = Debug|Any CPU
		{0D23E1BC-0103-42AB-B758-6750CDED86B5}.Release|Any CPU.ActiveCfg = Release|Any CPU
		{0D23E1BC-0103-42AB-B758-6750CDED86B5}.Release|Any CPU.Build.0 = Release|Any CPU
		{66DDB855-728D-48DB-BE6D-64C9A4E2EF27}.Debug|Any CPU.ActiveCfg = Debug|Any CPU
		{66DDB855-728D-48DB-BE6D-64C9A4E2EF27}.Debug|Any CPU.Build.0 = Debug|Any CPU
		{66DDB855-728D-48DB-BE6D-64C9A4E2EF27}.Release|Any CPU.ActiveCfg = Release|Any CPU
		{66DDB855-728D-48DB-BE6D-64C9A4E2EF27}.Release|Any CPU.Build.0 = Release|Any CPU
		{DCD5341E-0459-45A4-AE38-E7A17102DB99}.Debug|Any CPU.ActiveCfg = Debug|Any CPU
		{DCD5341E-0459-45A4-AE38-E7A17102DB99}.Debug|Any CPU.Build.0 = Debug|Any CPU
		{DCD5341E-0459-45A4-AE38-E7A17102DB99}.Release|Any CPU.ActiveCfg = Release|Any CPU
		{DCD5341E-0459-45A4-AE38-E7A17102DB99}.Release|Any CPU.Build.0 = Release|Any CPU
		{D838CEF6-D73E-432A-8318-370A5AEB2252}.Debug|Any CPU.ActiveCfg = Debug|Any CPU
		{D838CEF6-D73E-432A-8318-370A5AEB2252}.Debug|Any CPU.Build.0 = Debug|Any CPU
		{D838CEF6-D73E-432A-8318-370A5AEB2252}.Release|Any CPU.ActiveCfg = Release|Any CPU
		{D838CEF6-D73E-432A-8318-370A5AEB2252}.Release|Any CPU.Build.0 = Release|Any CPU
		{F3CF04A5-3F76-4E0B-86BE-222A19CDA0EF}.Debug|Any CPU.ActiveCfg = Debug|Any CPU
		{F3CF04A5-3F76-4E0B-86BE-222A19CDA0EF}.Debug|Any CPU.Build.0 = Debug|Any CPU
		{F3CF04A5-3F76-4E0B-86BE-222A19CDA0EF}.Release|Any CPU.ActiveCfg = Release|Any CPU
		{F3CF04A5-3F76-4E0B-86BE-222A19CDA0EF}.Release|Any CPU.Build.0 = Release|Any CPU
		{1EDFD4A0-CD7C-4CD3-A2DC-0E561A9AD4FC}.Debug|Any CPU.ActiveCfg = Debug|Any CPU
		{1EDFD4A0-CD7C-4CD3-A2DC-0E561A9AD4FC}.Debug|Any CPU.Build.0 = Debug|Any CPU
		{1EDFD4A0-CD7C-4CD3-A2DC-0E561A9AD4FC}.Release|Any CPU.ActiveCfg = Release|Any CPU
		{1EDFD4A0-CD7C-4CD3-A2DC-0E561A9AD4FC}.Release|Any CPU.Build.0 = Release|Any CPU
		{5840FB6E-2214-4B88-B01B-89A84CDAAC6E}.Debug|Any CPU.ActiveCfg = Debug|Any CPU
		{5840FB6E-2214-4B88-B01B-89A84CDAAC6E}.Debug|Any CPU.Build.0 = Debug|Any CPU
		{5840FB6E-2214-4B88-B01B-89A84CDAAC6E}.Release|Any CPU.ActiveCfg = Release|Any CPU
		{5840FB6E-2214-4B88-B01B-89A84CDAAC6E}.Release|Any CPU.Build.0 = Release|Any CPU
		{9D206D5E-AB55-4111-B921-3323C5B34466}.Debug|Any CPU.ActiveCfg = Debug|Any CPU
		{9D206D5E-AB55-4111-B921-3323C5B34466}.Debug|Any CPU.Build.0 = Debug|Any CPU
		{9D206D5E-AB55-4111-B921-3323C5B34466}.Release|Any CPU.ActiveCfg = Release|Any CPU
		{9D206D5E-AB55-4111-B921-3323C5B34466}.Release|Any CPU.Build.0 = Release|Any CPU
		{A50666ED-7807-4F55-B35B-E4C786881AB3}.Debug|Any CPU.ActiveCfg = Debug|Any CPU
		{A50666ED-7807-4F55-B35B-E4C786881AB3}.Debug|Any CPU.Build.0 = Debug|Any CPU
		{A50666ED-7807-4F55-B35B-E4C786881AB3}.Release|Any CPU.ActiveCfg = Release|Any CPU
		{A50666ED-7807-4F55-B35B-E4C786881AB3}.Release|Any CPU.Build.0 = Release|Any CPU
		{056AED7D-A81E-487B-A9BC-3AE9DE417566}.Debug|Any CPU.ActiveCfg = Debug|Any CPU
		{056AED7D-A81E-487B-A9BC-3AE9DE417566}.Debug|Any CPU.Build.0 = Debug|Any CPU
		{056AED7D-A81E-487B-A9BC-3AE9DE417566}.Release|Any CPU.ActiveCfg = Release|Any CPU
		{056AED7D-A81E-487B-A9BC-3AE9DE417566}.Release|Any CPU.Build.0 = Release|Any CPU
		{628C73A8-745D-41E1-822C-A1DE28BA449F}.Debug|Any CPU.ActiveCfg = Debug|Any CPU
		{628C73A8-745D-41E1-822C-A1DE28BA449F}.Debug|Any CPU.Build.0 = Debug|Any CPU
		{628C73A8-745D-41E1-822C-A1DE28BA449F}.Release|Any CPU.ActiveCfg = Release|Any CPU
		{628C73A8-745D-41E1-822C-A1DE28BA449F}.Release|Any CPU.Build.0 = Release|Any CPU
		{31133612-7F8A-4F54-80C1-942CD808AAFD}.Debug|Any CPU.ActiveCfg = Debug|Any CPU
		{31133612-7F8A-4F54-80C1-942CD808AAFD}.Debug|Any CPU.Build.0 = Debug|Any CPU
		{31133612-7F8A-4F54-80C1-942CD808AAFD}.Release|Any CPU.ActiveCfg = Release|Any CPU
		{31133612-7F8A-4F54-80C1-942CD808AAFD}.Release|Any CPU.Build.0 = Release|Any CPU
		{E6A10847-AC3D-4C35-A0CB-0BD07BA20F00}.Debug|Any CPU.ActiveCfg = Debug|Any CPU
		{E6A10847-AC3D-4C35-A0CB-0BD07BA20F00}.Debug|Any CPU.Build.0 = Debug|Any CPU
		{E6A10847-AC3D-4C35-A0CB-0BD07BA20F00}.Release|Any CPU.ActiveCfg = Release|Any CPU
		{E6A10847-AC3D-4C35-A0CB-0BD07BA20F00}.Release|Any CPU.Build.0 = Release|Any CPU
		{BDF29C07-B709-4BC1-8AF7-C50AF389EE69}.Debug|Any CPU.ActiveCfg = Debug|Any CPU
		{BDF29C07-B709-4BC1-8AF7-C50AF389EE69}.Debug|Any CPU.Build.0 = Debug|Any CPU
		{BDF29C07-B709-4BC1-8AF7-C50AF389EE69}.Release|Any CPU.ActiveCfg = Release|Any CPU
		{BDF29C07-B709-4BC1-8AF7-C50AF389EE69}.Release|Any CPU.Build.0 = Release|Any CPU
		{6FCC56FF-EB7B-4A38-BDC1-B56B5F0F4C1A}.Debug|Any CPU.ActiveCfg = Debug|Any CPU
		{6FCC56FF-EB7B-4A38-BDC1-B56B5F0F4C1A}.Debug|Any CPU.Build.0 = Debug|Any CPU
		{6FCC56FF-EB7B-4A38-BDC1-B56B5F0F4C1A}.Release|Any CPU.ActiveCfg = Release|Any CPU
		{6FCC56FF-EB7B-4A38-BDC1-B56B5F0F4C1A}.Release|Any CPU.Build.0 = Release|Any CPU
		{EA370DF0-DA86-4A76-8388-383D19D6BCBC}.Debug|Any CPU.ActiveCfg = Debug|Any CPU
		{EA370DF0-DA86-4A76-8388-383D19D6BCBC}.Debug|Any CPU.Build.0 = Debug|Any CPU
		{EA370DF0-DA86-4A76-8388-383D19D6BCBC}.Release|Any CPU.ActiveCfg = Release|Any CPU
		{EA370DF0-DA86-4A76-8388-383D19D6BCBC}.Release|Any CPU.Build.0 = Release|Any CPU
		{AAE4298E-F238-4A59-8FA9-FB00821195E6}.Debug|Any CPU.ActiveCfg = Debug|Any CPU
		{AAE4298E-F238-4A59-8FA9-FB00821195E6}.Debug|Any CPU.Build.0 = Debug|Any CPU
		{AAE4298E-F238-4A59-8FA9-FB00821195E6}.Release|Any CPU.ActiveCfg = Release|Any CPU
		{AAE4298E-F238-4A59-8FA9-FB00821195E6}.Release|Any CPU.Build.0 = Release|Any CPU
		{93DA7E10-7127-48FE-87B4-978B7CD694C2}.Debug|Any CPU.ActiveCfg = Debug|Any CPU
		{93DA7E10-7127-48FE-87B4-978B7CD694C2}.Debug|Any CPU.Build.0 = Debug|Any CPU
		{93DA7E10-7127-48FE-87B4-978B7CD694C2}.Release|Any CPU.ActiveCfg = Release|Any CPU
		{93DA7E10-7127-48FE-87B4-978B7CD694C2}.Release|Any CPU.Build.0 = Release|Any CPU
		{DC423BB7-E870-42A5-83D5-F056CECCC03C}.Debug|Any CPU.ActiveCfg = Debug|Any CPU
		{DC423BB7-E870-42A5-83D5-F056CECCC03C}.Debug|Any CPU.Build.0 = Debug|Any CPU
		{DC423BB7-E870-42A5-83D5-F056CECCC03C}.Release|Any CPU.ActiveCfg = Release|Any CPU
		{DC423BB7-E870-42A5-83D5-F056CECCC03C}.Release|Any CPU.Build.0 = Release|Any CPU
		{1C6EDB77-96A1-4B23-9CED-741E22A72702}.Debug|Any CPU.ActiveCfg = Debug|Any CPU
		{1C6EDB77-96A1-4B23-9CED-741E22A72702}.Debug|Any CPU.Build.0 = Debug|Any CPU
		{1C6EDB77-96A1-4B23-9CED-741E22A72702}.Release|Any CPU.ActiveCfg = Release|Any CPU
		{1C6EDB77-96A1-4B23-9CED-741E22A72702}.Release|Any CPU.Build.0 = Release|Any CPU
	EndGlobalSection
	GlobalSection(SolutionProperties) = preSolution
		HideSolutionNode = FALSE
	EndGlobalSection
	GlobalSection(NestedProjects) = preSolution
		{D4C91530-5DA2-4CC6-ABE8-7253AC92BEF7} = {F0335906-EA2D-4D86-86E0-B25EE866130D}
		{93B17D76-DBA2-4ABE-A5BB-92E009074BBB} = {F0335906-EA2D-4D86-86E0-B25EE866130D}
		{DC0663E8-4CC1-4C4C-B2AF-49279D5003E3} = {F0335906-EA2D-4D86-86E0-B25EE866130D}
		{3C76B57A-58B2-412D-9E39-BC061604D08C} = {F0335906-EA2D-4D86-86E0-B25EE866130D}
		{65375676-3CF1-4735-A229-9C9154D23D02} = {F0335906-EA2D-4D86-86E0-B25EE866130D}
		{0D23E1BC-0103-42AB-B758-6750CDED86B5} = {F0335906-EA2D-4D86-86E0-B25EE866130D}
		{66DDB855-728D-48DB-BE6D-64C9A4E2EF27} = {F0335906-EA2D-4D86-86E0-B25EE866130D}
		{DCD5341E-0459-45A4-AE38-E7A17102DB99} = {F0335906-EA2D-4D86-86E0-B25EE866130D}
		{D838CEF6-D73E-432A-8318-370A5AEB2252} = {F0335906-EA2D-4D86-86E0-B25EE866130D}
		{F3CF04A5-3F76-4E0B-86BE-222A19CDA0EF} = {F0335906-EA2D-4D86-86E0-B25EE866130D}
		{1EDFD4A0-CD7C-4CD3-A2DC-0E561A9AD4FC} = {9E95E97D-4D07-4AA4-99E6-79801E9D155F}
		{5840FB6E-2214-4B88-B01B-89A84CDAAC6E} = {9E95E97D-4D07-4AA4-99E6-79801E9D155F}
		{9D206D5E-AB55-4111-B921-3323C5B34466} = {2A31B4C8-1F3C-42EB-979E-1755D7774357}
		{A50666ED-7807-4F55-B35B-E4C786881AB3} = {0D0AF0F1-A656-47C6-9BA1-EED6183BECD1}
		{056AED7D-A81E-487B-A9BC-3AE9DE417566} = {0D0AF0F1-A656-47C6-9BA1-EED6183BECD1}
		{628C73A8-745D-41E1-822C-A1DE28BA449F} = {0D0AF0F1-A656-47C6-9BA1-EED6183BECD1}
		{31133612-7F8A-4F54-80C1-942CD808AAFD} = {0D0AF0F1-A656-47C6-9BA1-EED6183BECD1}
		{E6A10847-AC3D-4C35-A0CB-0BD07BA20F00} = {02EC21B6-EB36-4B6F-A285-6E6445E44531}
		{BDF29C07-B709-4BC1-8AF7-C50AF389EE69} = {02EC21B6-EB36-4B6F-A285-6E6445E44531}
		{6FCC56FF-EB7B-4A38-BDC1-B56B5F0F4C1A} = {2C03AB30-0112-491F-97BD-6A5EA016F6C1}
		{EA370DF0-DA86-4A76-8388-383D19D6BCBC} = {2C03AB30-0112-491F-97BD-6A5EA016F6C1}
		{AAE4298E-F238-4A59-8FA9-FB00821195E6} = {2C03AB30-0112-491F-97BD-6A5EA016F6C1}
		{93DA7E10-7127-48FE-87B4-978B7CD694C2} = {02EC21B6-EB36-4B6F-A285-6E6445E44531}
		{DC423BB7-E870-42A5-83D5-F056CECCC03C} = {C82EF804-D134-483A-80BC-04A194320CF4}
		{1C6EDB77-96A1-4B23-9CED-741E22A72702} = {C82EF804-D134-483A-80BC-04A194320CF4}
	EndGlobalSection
	GlobalSection(ExtensibilityGlobals) = postSolution
		SolutionGuid = {F9560699-C6AF-4B2A-A352-DE20527FC409}
	EndGlobalSection
EndGlobal
