
Microsoft Visual Studio Solution File, Format Version 12.00
# Visual Studio Version 16
VisualStudioVersion = 16.0.30907.101
MinimumVisualStudioVersion = 15.0.26124.0
Project("{2150E333-8FDC-42A3-9474-1A3956D46DE8}") = "Basics", "Basics", "{364DCF26-243A-4FDE-8781-BE0BA8E5330A}"
EndProject
Project("{9A19103F-16F7-4668-BE54-9A1E7A4F7556}") = "ConsoleApp", "Basics\ConsoleApp\ConsoleApp.csproj", "{DD68D018-7426-4102-B89E-FB23D8781D5B}"
EndProject
Project("{9A19103F-16F7-4668-BE54-9A1E7A4F7556}") = "Currency.Library", "Basics\Currency.Library\Currency.Library.csproj", "{CB024C03-4B39-4836-BB81-F9A53A054FCA}"
EndProject
Project("{9A19103F-16F7-4668-BE54-9A1E7A4F7556}") = "Currency.Project", "Basics\Currency.Project\Currency.Project.csproj", "{039BC382-56EF-42EA-8698-8EB96C8E20EE}"
EndProject
Project("{9A19103F-16F7-4668-BE54-9A1E7A4F7556}") = "DelegateTask", "Basics\DelegateTask\DelegateTask.csproj", "{9CB08215-AA89-4DDE-A16A-1694062B4BA0}"
EndProject
Project("{9A19103F-16F7-4668-BE54-9A1E7A4F7556}") = "Delegation", "Basics\Delegation\Delegation.csproj", "{445B2AB6-006A-4196-891E-8B96922BCAE4}"
EndProject
Project("{9A19103F-16F7-4668-BE54-9A1E7A4F7556}") = "EventExample", "Basics\EventExample\EventExample.csproj", "{B4EEC7C5-3BDB-4A12-BC86-60BCDED67E2A}"
EndProject
Project("{9A19103F-16F7-4668-BE54-9A1E7A4F7556}") = "EventHandlerSample", "Basics\EventHandlerSample\EventHandlerSample.csproj", "{9CF3640C-1B5D-4676-B3AC-C9091E9DF7B9}"
EndProject
Project("{9A19103F-16F7-4668-BE54-9A1E7A4F7556}") = "ExceptionHandling", "Basics\ExceptionHandling\ExceptionHandling.csproj", "{51D8A43C-E4A1-401D-8725-73BF15CF38A2}"
EndProject
Project("{9A19103F-16F7-4668-BE54-9A1E7A4F7556}") = "FunStuff", "Basics\FunStuff\FunStuff.csproj", "{1357AAC2-976A-4A06-BDAC-7E1EB0862BE6}"
EndProject
Project("{9A19103F-16F7-4668-BE54-9A1E7A4F7556}") = "GenericsAndCollections", "Basics\GenericsAndCollections\GenericsAndCollections.csproj", "{396BF34C-68BE-4A02-88D6-7906C8EBFF24}"
EndProject
Project("{9A19103F-16F7-4668-BE54-9A1E7A4F7556}") = "LINQy", "Basics\LINQy\LINQy.csproj", "{A030677C-5535-4640-8504-86FD2D980B7E}"
EndProject
Project("{9A19103F-16F7-4668-BE54-9A1E7A4F7556}") = "NUGETRef", "Basics\NUGETRef\NUGETRef.csproj", "{69F152CB-6F85-4F4A-B3A8-1E826FC1B2CD}"
EndProject
Project("{9A19103F-16F7-4668-BE54-9A1E7A4F7556}") = "OOP", "Basics\OOP\OOP.csproj", "{48C4F215-B97E-42B2-9435-BE26DD48BEA2}"
EndProject
Project("{2150E333-8FDC-42A3-9474-1A3956D46DE8}") = "SOLID", "SOLID", "{25A23DB2-B187-447F-BC3E-A44C7044C873}"
EndProject
Project("{9A19103F-16F7-4668-BE54-9A1E7A4F7556}") = "CustomerApp", "SOLID\CustomerApp\CustomerApp.csproj", "{E858C597-DFE3-47F4-93CF-3A8CF093B353}"
EndProject
Project("{9A19103F-16F7-4668-BE54-9A1E7A4F7556}") = "CustomerAppImplementation", "SOLID\CustomerAppImplementation\CustomerAppImplementation.csproj", "{F71069EA-1379-4961-BB17-3B65A1B68056}"
EndProject
Project("{2150E333-8FDC-42A3-9474-1A3956D46DE8}") = "Testing", "Testing", "{A0D333B0-AA27-4FB8-A590-CB9B876B5DEB}"
EndProject
Project("{9A19103F-16F7-4668-BE54-9A1E7A4F7556}") = "Car.Library", "Testing\Car.Library\Car.Library.csproj", "{F0FD4D20-A4B4-4D74-A18D-0003F879D4E5}"
EndProject
Project("{9A19103F-16F7-4668-BE54-9A1E7A4F7556}") = "Car.MSTest", "Testing\Car.MSTest\Car.MSTest.csproj", "{4088ACA6-7913-4C15-8D40-1C4CBFA8C37E}"
EndProject
Project("{9A19103F-16F7-4668-BE54-9A1E7A4F7556}") = "Car.NUnit", "Testing\Car.NUnit\Car.NUnit.csproj", "{3744E605-EA88-427D-B132-C87D44658ED4}"
EndProject
Project("{9A19103F-16F7-4668-BE54-9A1E7A4F7556}") = "Car.XUnit", "Testing\Car.XUnit\Car.XUnit.csproj", "{CBD46EB0-3390-4B10-8E52-5727914AA8D9}"
EndProject
Project("{9A19103F-16F7-4668-BE54-9A1E7A4F7556}") = "CarConsole", "Testing\CarConsole\CarConsole.csproj", "{8FC62F43-FCA0-4BDE-B2A1-6A49E287A142}"
EndProject
Project("{9A19103F-16F7-4668-BE54-9A1E7A4F7556}") = "CarConsoleTest", "Testing\CarConsoleTest\CarConsoleTest.csproj", "{A65FD99A-94B3-4B84-9AB5-667DE47797F0}"
EndProject
Project("{9A19103F-16F7-4668-BE54-9A1E7A4F7556}") = "CarSpecFlow", "Testing\CarSpecFlow\CarSpecFlow.csproj", "{670D544F-5A64-4DF5-8239-EB9E1487F283}"
EndProject
Project("{9A19103F-16F7-4668-BE54-9A1E7A4F7556}") = "CarSpecFlowProject", "Testing\CarSpecFlowProject\CarSpecFlowProject.csproj", "{E819AA4F-4817-447F-AA19-02D2F33FC447}"
EndProject
Project("{9A19103F-16F7-4668-BE54-9A1E7A4F7556}") = "SpecFlowCalculator", "Testing\SpecFlowCalculator\SpecFlowCalculator.csproj", "{99926CB9-E2AF-4DA7-AAD3-6712163683C1}"
EndProject
Project("{9A19103F-16F7-4668-BE54-9A1E7A4F7556}") = "SpecFlowCalculator.Specs", "Testing\SpecFlowCalculator.Specs\SpecFlowCalculator.Specs.csproj", "{B9846F93-3DF5-498D-BDF2-AB1314D54D5E}"
EndProject
Project("{9A19103F-16F7-4668-BE54-9A1E7A4F7556}") = "EF.CodeFirst", "EF\EF.CodeFirst\EF.CodeFirst.csproj", "{949AD8A1-4927-400D-A345-05DD6831DAFF}"
EndProject
Project("{9A19103F-16F7-4668-BE54-9A1E7A4F7556}") = "EF.DbFirst", "EF\EF.DbFirst\EF.DbFirst.csproj", "{51FFC785-87DA-4B48-84C5-977A17D821C3}"
EndProject
Project("{2150E333-8FDC-42A3-9474-1A3956D46DE8}") = "EF", "EF", "{32E50B84-F43F-4729-9E18-BE0B565B609F}"
EndProject
Project("{2150E333-8FDC-42A3-9474-1A3956D46DE8}") = "Web", "Web", "{13D99E3B-A4F0-46F2-AB08-12C5DF9E07AE}"
EndProject
Project("{9A19103F-16F7-4668-BE54-9A1E7A4F7556}") = "Empty", "Web\Empty\Empty.csproj", "{530A6EE1-187B-40AB-9F31-094E8D2C107C}"
EndProject
Project("{9A19103F-16F7-4668-BE54-9A1E7A4F7556}") = "WebApp", "Web\WebApp\WebApp.csproj", "{EFC96F5A-6C10-4CA8-BA6B-1B8B451898F4}"
EndProject
Project("{9A19103F-16F7-4668-BE54-9A1E7A4F7556}") = "WebAPI", "Web\WebAPI\WebAPI.csproj", "{D5950691-39EF-4817-9717-AE1203BF08C3}"
EndProject
Project("{9A19103F-16F7-4668-BE54-9A1E7A4F7556}") = "WebAppMVC", "Web\WebAppMVC\WebAppMVC.csproj", "{5DACF00D-285A-41C6-995E-682E2322392E}"
EndProject
Project("{9A19103F-16F7-4668-BE54-9A1E7A4F7556}") = "WebAppAngular", "Web\WebAppAngular\WebAppAngular.csproj", "{E9DA9E85-89D2-4A39-8E54-1775D769CFD2}"
EndProject
Project("{9A19103F-16F7-4668-BE54-9A1E7A4F7556}") = "WebAppReact", "Web\WebAppReact\WebAppReact.csproj", "{4A0FD115-D708-4DF6-A94F-EE49AC2EE316}"
EndProject
Project("{9A19103F-16F7-4668-BE54-9A1E7A4F7556}") = "CarsWebMVC", "Web\CarsWebMVC\CarsWebMVC.csproj", "{94A7E207-BAC5-40DE-A8DB-2C443F5D26AA}"
EndProject
Project("{9A19103F-16F7-4668-BE54-9A1E7A4F7556}") = "CarsWebLibrary", "Web\CarsWebLibrary\CarsWebLibrary.csproj", "{AA3C9203-B3CE-4EDF-A889-D4E711D90792}"
EndProject
Project("{9A19103F-16F7-4668-BE54-9A1E7A4F7556}") = "CarWebAPI", "Web\CarWebAPI\CarWebAPI.csproj", "{E6BBE35E-E4DF-4B92-82F8-EA5B80AE93DE}"
EndProject
Project("{9A19103F-16F7-4668-BE54-9A1E7A4F7556}") = "ChatAppSignalR", "Web\ChatAppSignalR\ChatAppSignalR.csproj", "{066EA704-6050-491E-8ADE-AD0C963DD9DA}"
EndProject
Project("{2150E333-8FDC-42A3-9474-1A3956D46DE8}") = "Desktop", "Desktop", "{28560CA5-798C-4266-BDCC-B85E00140047}"
EndProject
Project("{9A19103F-16F7-4668-BE54-9A1E7A4F7556}") = "CarDesktopApp", "Desktop\CarDesktopApp\CarDesktopApp.csproj", "{5A9FCDB3-3B6F-4F76-89F7-0CD116A20951}"
EndProject
Project("{2150E333-8FDC-42A3-9474-1A3956D46DE8}") = "TaskSolution", "TaskSolution", "{2C8BB412-D3E6-48EC-AD29-8FC2108FE285}"
EndProject
Project("{2150E333-8FDC-42A3-9474-1A3956D46DE8}") = "FridayThirdWeek", "FridayThirdWeek", "{FDF5A194-CACB-4375-90E4-5B7382E56E8C}"
EndProject
Project("{9A19103F-16F7-4668-BE54-9A1E7A4F7556}") = "StudentsAndCourses.WPF", "TaskSolutions\StudentsAndCourses.WPF\StudentsAndCourses.WPF.csproj", "{34AADB25-76CB-4C33-B012-AFDAB5444EB8}"
EndProject
Project("{9A19103F-16F7-4668-BE54-9A1E7A4F7556}") = "StudentsAndCourses.Web", "TaskSolutions\StudentsAndCourses.Web\StudentsAndCourses.Web.csproj", "{6263EBB4-49D5-4231-B55B-6B69AEBD20AB}"
EndProject
Project("{9A19103F-16F7-4668-BE54-9A1E7A4F7556}") = "StudentsAndCourses.Library", "TaskSolutions\StudentsAndCourses.Library\StudentsAndCourses.Library.csproj", "{588701E3-3435-473D-AE49-39B58E78827C}"
EndProject
Project("{FAE04EC0-301F-11D3-BF4B-00C04F79EFBC}") = "DBFirstCS", "EF\DBFirstCS\DBFirstCS.csproj", "{C865FB4C-25A7-4EBB-876E-58A759467E78}"
EndProject
Project("{FAE04EC0-301F-11D3-BF4B-00C04F79EFBC}") = "StudentsAndCourses.Tests", "TaskSolutions\StudentsAndCourses.Tests\StudentsAndCourses.Tests.csproj", "{885522E8-A87A-4954-A415-03910AC175E0}"
EndProject
Project("{2150E333-8FDC-42A3-9474-1A3956D46DE8}") = "Auth", "Auth", "{8A31029E-47FA-49FE-8AC8-7E8E5CF615D0}"
EndProject
Project("{FAE04EC0-301F-11D3-BF4B-00C04F79EFBC}") = "AuthWebAPI", "Auth\AuthWebAPI\AuthWebAPI.csproj", "{86AE8688-A242-433F-9C39-113BB465F15F}"
EndProject
Global
	GlobalSection(SolutionConfigurationPlatforms) = preSolution
		Debug|Any CPU = Debug|Any CPU
		Debug|x64 = Debug|x64
		Debug|x86 = Debug|x86
		Release|Any CPU = Release|Any CPU
		Release|x64 = Release|x64
		Release|x86 = Release|x86
	EndGlobalSection
	GlobalSection(ProjectConfigurationPlatforms) = postSolution
		{DD68D018-7426-4102-B89E-FB23D8781D5B}.Debug|Any CPU.ActiveCfg = Debug|Any CPU
		{DD68D018-7426-4102-B89E-FB23D8781D5B}.Debug|Any CPU.Build.0 = Debug|Any CPU
		{DD68D018-7426-4102-B89E-FB23D8781D5B}.Debug|x64.ActiveCfg = Debug|Any CPU
		{DD68D018-7426-4102-B89E-FB23D8781D5B}.Debug|x64.Build.0 = Debug|Any CPU
		{DD68D018-7426-4102-B89E-FB23D8781D5B}.Debug|x86.ActiveCfg = Debug|Any CPU
		{DD68D018-7426-4102-B89E-FB23D8781D5B}.Debug|x86.Build.0 = Debug|Any CPU
		{DD68D018-7426-4102-B89E-FB23D8781D5B}.Release|Any CPU.ActiveCfg = Release|Any CPU
		{DD68D018-7426-4102-B89E-FB23D8781D5B}.Release|Any CPU.Build.0 = Release|Any CPU
		{DD68D018-7426-4102-B89E-FB23D8781D5B}.Release|x64.ActiveCfg = Release|Any CPU
		{DD68D018-7426-4102-B89E-FB23D8781D5B}.Release|x64.Build.0 = Release|Any CPU
		{DD68D018-7426-4102-B89E-FB23D8781D5B}.Release|x86.ActiveCfg = Release|Any CPU
		{DD68D018-7426-4102-B89E-FB23D8781D5B}.Release|x86.Build.0 = Release|Any CPU
		{CB024C03-4B39-4836-BB81-F9A53A054FCA}.Debug|Any CPU.ActiveCfg = Debug|Any CPU
		{CB024C03-4B39-4836-BB81-F9A53A054FCA}.Debug|Any CPU.Build.0 = Debug|Any CPU
		{CB024C03-4B39-4836-BB81-F9A53A054FCA}.Debug|x64.ActiveCfg = Debug|Any CPU
		{CB024C03-4B39-4836-BB81-F9A53A054FCA}.Debug|x64.Build.0 = Debug|Any CPU
		{CB024C03-4B39-4836-BB81-F9A53A054FCA}.Debug|x86.ActiveCfg = Debug|Any CPU
		{CB024C03-4B39-4836-BB81-F9A53A054FCA}.Debug|x86.Build.0 = Debug|Any CPU
		{CB024C03-4B39-4836-BB81-F9A53A054FCA}.Release|Any CPU.ActiveCfg = Release|Any CPU
		{CB024C03-4B39-4836-BB81-F9A53A054FCA}.Release|Any CPU.Build.0 = Release|Any CPU
		{CB024C03-4B39-4836-BB81-F9A53A054FCA}.Release|x64.ActiveCfg = Release|Any CPU
		{CB024C03-4B39-4836-BB81-F9A53A054FCA}.Release|x64.Build.0 = Release|Any CPU
		{CB024C03-4B39-4836-BB81-F9A53A054FCA}.Release|x86.ActiveCfg = Release|Any CPU
		{CB024C03-4B39-4836-BB81-F9A53A054FCA}.Release|x86.Build.0 = Release|Any CPU
		{039BC382-56EF-42EA-8698-8EB96C8E20EE}.Debug|Any CPU.ActiveCfg = Debug|Any CPU
		{039BC382-56EF-42EA-8698-8EB96C8E20EE}.Debug|Any CPU.Build.0 = Debug|Any CPU
		{039BC382-56EF-42EA-8698-8EB96C8E20EE}.Debug|x64.ActiveCfg = Debug|Any CPU
		{039BC382-56EF-42EA-8698-8EB96C8E20EE}.Debug|x64.Build.0 = Debug|Any CPU
		{039BC382-56EF-42EA-8698-8EB96C8E20EE}.Debug|x86.ActiveCfg = Debug|Any CPU
		{039BC382-56EF-42EA-8698-8EB96C8E20EE}.Debug|x86.Build.0 = Debug|Any CPU
		{039BC382-56EF-42EA-8698-8EB96C8E20EE}.Release|Any CPU.ActiveCfg = Release|Any CPU
		{039BC382-56EF-42EA-8698-8EB96C8E20EE}.Release|Any CPU.Build.0 = Release|Any CPU
		{039BC382-56EF-42EA-8698-8EB96C8E20EE}.Release|x64.ActiveCfg = Release|Any CPU
		{039BC382-56EF-42EA-8698-8EB96C8E20EE}.Release|x64.Build.0 = Release|Any CPU
		{039BC382-56EF-42EA-8698-8EB96C8E20EE}.Release|x86.ActiveCfg = Release|Any CPU
		{039BC382-56EF-42EA-8698-8EB96C8E20EE}.Release|x86.Build.0 = Release|Any CPU
		{9CB08215-AA89-4DDE-A16A-1694062B4BA0}.Debug|Any CPU.ActiveCfg = Debug|Any CPU
		{9CB08215-AA89-4DDE-A16A-1694062B4BA0}.Debug|Any CPU.Build.0 = Debug|Any CPU
		{9CB08215-AA89-4DDE-A16A-1694062B4BA0}.Debug|x64.ActiveCfg = Debug|Any CPU
		{9CB08215-AA89-4DDE-A16A-1694062B4BA0}.Debug|x64.Build.0 = Debug|Any CPU
		{9CB08215-AA89-4DDE-A16A-1694062B4BA0}.Debug|x86.ActiveCfg = Debug|Any CPU
		{9CB08215-AA89-4DDE-A16A-1694062B4BA0}.Debug|x86.Build.0 = Debug|Any CPU
		{9CB08215-AA89-4DDE-A16A-1694062B4BA0}.Release|Any CPU.ActiveCfg = Release|Any CPU
		{9CB08215-AA89-4DDE-A16A-1694062B4BA0}.Release|Any CPU.Build.0 = Release|Any CPU
		{9CB08215-AA89-4DDE-A16A-1694062B4BA0}.Release|x64.ActiveCfg = Release|Any CPU
		{9CB08215-AA89-4DDE-A16A-1694062B4BA0}.Release|x64.Build.0 = Release|Any CPU
		{9CB08215-AA89-4DDE-A16A-1694062B4BA0}.Release|x86.ActiveCfg = Release|Any CPU
		{9CB08215-AA89-4DDE-A16A-1694062B4BA0}.Release|x86.Build.0 = Release|Any CPU
		{445B2AB6-006A-4196-891E-8B96922BCAE4}.Debug|Any CPU.ActiveCfg = Debug|Any CPU
		{445B2AB6-006A-4196-891E-8B96922BCAE4}.Debug|Any CPU.Build.0 = Debug|Any CPU
		{445B2AB6-006A-4196-891E-8B96922BCAE4}.Debug|x64.ActiveCfg = Debug|Any CPU
		{445B2AB6-006A-4196-891E-8B96922BCAE4}.Debug|x64.Build.0 = Debug|Any CPU
		{445B2AB6-006A-4196-891E-8B96922BCAE4}.Debug|x86.ActiveCfg = Debug|Any CPU
		{445B2AB6-006A-4196-891E-8B96922BCAE4}.Debug|x86.Build.0 = Debug|Any CPU
		{445B2AB6-006A-4196-891E-8B96922BCAE4}.Release|Any CPU.ActiveCfg = Release|Any CPU
		{445B2AB6-006A-4196-891E-8B96922BCAE4}.Release|Any CPU.Build.0 = Release|Any CPU
		{445B2AB6-006A-4196-891E-8B96922BCAE4}.Release|x64.ActiveCfg = Release|Any CPU
		{445B2AB6-006A-4196-891E-8B96922BCAE4}.Release|x64.Build.0 = Release|Any CPU
		{445B2AB6-006A-4196-891E-8B96922BCAE4}.Release|x86.ActiveCfg = Release|Any CPU
		{445B2AB6-006A-4196-891E-8B96922BCAE4}.Release|x86.Build.0 = Release|Any CPU
		{B4EEC7C5-3BDB-4A12-BC86-60BCDED67E2A}.Debug|Any CPU.ActiveCfg = Debug|Any CPU
		{B4EEC7C5-3BDB-4A12-BC86-60BCDED67E2A}.Debug|Any CPU.Build.0 = Debug|Any CPU
		{B4EEC7C5-3BDB-4A12-BC86-60BCDED67E2A}.Debug|x64.ActiveCfg = Debug|Any CPU
		{B4EEC7C5-3BDB-4A12-BC86-60BCDED67E2A}.Debug|x64.Build.0 = Debug|Any CPU
		{B4EEC7C5-3BDB-4A12-BC86-60BCDED67E2A}.Debug|x86.ActiveCfg = Debug|Any CPU
		{B4EEC7C5-3BDB-4A12-BC86-60BCDED67E2A}.Debug|x86.Build.0 = Debug|Any CPU
		{B4EEC7C5-3BDB-4A12-BC86-60BCDED67E2A}.Release|Any CPU.ActiveCfg = Release|Any CPU
		{B4EEC7C5-3BDB-4A12-BC86-60BCDED67E2A}.Release|Any CPU.Build.0 = Release|Any CPU
		{B4EEC7C5-3BDB-4A12-BC86-60BCDED67E2A}.Release|x64.ActiveCfg = Release|Any CPU
		{B4EEC7C5-3BDB-4A12-BC86-60BCDED67E2A}.Release|x64.Build.0 = Release|Any CPU
		{B4EEC7C5-3BDB-4A12-BC86-60BCDED67E2A}.Release|x86.ActiveCfg = Release|Any CPU
		{B4EEC7C5-3BDB-4A12-BC86-60BCDED67E2A}.Release|x86.Build.0 = Release|Any CPU
		{9CF3640C-1B5D-4676-B3AC-C9091E9DF7B9}.Debug|Any CPU.ActiveCfg = Debug|Any CPU
		{9CF3640C-1B5D-4676-B3AC-C9091E9DF7B9}.Debug|Any CPU.Build.0 = Debug|Any CPU
		{9CF3640C-1B5D-4676-B3AC-C9091E9DF7B9}.Debug|x64.ActiveCfg = Debug|Any CPU
		{9CF3640C-1B5D-4676-B3AC-C9091E9DF7B9}.Debug|x64.Build.0 = Debug|Any CPU
		{9CF3640C-1B5D-4676-B3AC-C9091E9DF7B9}.Debug|x86.ActiveCfg = Debug|Any CPU
		{9CF3640C-1B5D-4676-B3AC-C9091E9DF7B9}.Debug|x86.Build.0 = Debug|Any CPU
		{9CF3640C-1B5D-4676-B3AC-C9091E9DF7B9}.Release|Any CPU.ActiveCfg = Release|Any CPU
		{9CF3640C-1B5D-4676-B3AC-C9091E9DF7B9}.Release|Any CPU.Build.0 = Release|Any CPU
		{9CF3640C-1B5D-4676-B3AC-C9091E9DF7B9}.Release|x64.ActiveCfg = Release|Any CPU
		{9CF3640C-1B5D-4676-B3AC-C9091E9DF7B9}.Release|x64.Build.0 = Release|Any CPU
		{9CF3640C-1B5D-4676-B3AC-C9091E9DF7B9}.Release|x86.ActiveCfg = Release|Any CPU
		{9CF3640C-1B5D-4676-B3AC-C9091E9DF7B9}.Release|x86.Build.0 = Release|Any CPU
		{51D8A43C-E4A1-401D-8725-73BF15CF38A2}.Debug|Any CPU.ActiveCfg = Debug|Any CPU
		{51D8A43C-E4A1-401D-8725-73BF15CF38A2}.Debug|Any CPU.Build.0 = Debug|Any CPU
		{51D8A43C-E4A1-401D-8725-73BF15CF38A2}.Debug|x64.ActiveCfg = Debug|Any CPU
		{51D8A43C-E4A1-401D-8725-73BF15CF38A2}.Debug|x64.Build.0 = Debug|Any CPU
		{51D8A43C-E4A1-401D-8725-73BF15CF38A2}.Debug|x86.ActiveCfg = Debug|Any CPU
		{51D8A43C-E4A1-401D-8725-73BF15CF38A2}.Debug|x86.Build.0 = Debug|Any CPU
		{51D8A43C-E4A1-401D-8725-73BF15CF38A2}.Release|Any CPU.ActiveCfg = Release|Any CPU
		{51D8A43C-E4A1-401D-8725-73BF15CF38A2}.Release|Any CPU.Build.0 = Release|Any CPU
		{51D8A43C-E4A1-401D-8725-73BF15CF38A2}.Release|x64.ActiveCfg = Release|Any CPU
		{51D8A43C-E4A1-401D-8725-73BF15CF38A2}.Release|x64.Build.0 = Release|Any CPU
		{51D8A43C-E4A1-401D-8725-73BF15CF38A2}.Release|x86.ActiveCfg = Release|Any CPU
		{51D8A43C-E4A1-401D-8725-73BF15CF38A2}.Release|x86.Build.0 = Release|Any CPU
		{1357AAC2-976A-4A06-BDAC-7E1EB0862BE6}.Debug|Any CPU.ActiveCfg = Debug|Any CPU
		{1357AAC2-976A-4A06-BDAC-7E1EB0862BE6}.Debug|Any CPU.Build.0 = Debug|Any CPU
		{1357AAC2-976A-4A06-BDAC-7E1EB0862BE6}.Debug|x64.ActiveCfg = Debug|Any CPU
		{1357AAC2-976A-4A06-BDAC-7E1EB0862BE6}.Debug|x64.Build.0 = Debug|Any CPU
		{1357AAC2-976A-4A06-BDAC-7E1EB0862BE6}.Debug|x86.ActiveCfg = Debug|Any CPU
		{1357AAC2-976A-4A06-BDAC-7E1EB0862BE6}.Debug|x86.Build.0 = Debug|Any CPU
		{1357AAC2-976A-4A06-BDAC-7E1EB0862BE6}.Release|Any CPU.ActiveCfg = Release|Any CPU
		{1357AAC2-976A-4A06-BDAC-7E1EB0862BE6}.Release|Any CPU.Build.0 = Release|Any CPU
		{1357AAC2-976A-4A06-BDAC-7E1EB0862BE6}.Release|x64.ActiveCfg = Release|Any CPU
		{1357AAC2-976A-4A06-BDAC-7E1EB0862BE6}.Release|x64.Build.0 = Release|Any CPU
		{1357AAC2-976A-4A06-BDAC-7E1EB0862BE6}.Release|x86.ActiveCfg = Release|Any CPU
		{1357AAC2-976A-4A06-BDAC-7E1EB0862BE6}.Release|x86.Build.0 = Release|Any CPU
		{396BF34C-68BE-4A02-88D6-7906C8EBFF24}.Debug|Any CPU.ActiveCfg = Debug|Any CPU
		{396BF34C-68BE-4A02-88D6-7906C8EBFF24}.Debug|Any CPU.Build.0 = Debug|Any CPU
		{396BF34C-68BE-4A02-88D6-7906C8EBFF24}.Debug|x64.ActiveCfg = Debug|Any CPU
		{396BF34C-68BE-4A02-88D6-7906C8EBFF24}.Debug|x64.Build.0 = Debug|Any CPU
		{396BF34C-68BE-4A02-88D6-7906C8EBFF24}.Debug|x86.ActiveCfg = Debug|Any CPU
		{396BF34C-68BE-4A02-88D6-7906C8EBFF24}.Debug|x86.Build.0 = Debug|Any CPU
		{396BF34C-68BE-4A02-88D6-7906C8EBFF24}.Release|Any CPU.ActiveCfg = Release|Any CPU
		{396BF34C-68BE-4A02-88D6-7906C8EBFF24}.Release|Any CPU.Build.0 = Release|Any CPU
		{396BF34C-68BE-4A02-88D6-7906C8EBFF24}.Release|x64.ActiveCfg = Release|Any CPU
		{396BF34C-68BE-4A02-88D6-7906C8EBFF24}.Release|x64.Build.0 = Release|Any CPU
		{396BF34C-68BE-4A02-88D6-7906C8EBFF24}.Release|x86.ActiveCfg = Release|Any CPU
		{396BF34C-68BE-4A02-88D6-7906C8EBFF24}.Release|x86.Build.0 = Release|Any CPU
		{A030677C-5535-4640-8504-86FD2D980B7E}.Debug|Any CPU.ActiveCfg = Debug|Any CPU
		{A030677C-5535-4640-8504-86FD2D980B7E}.Debug|Any CPU.Build.0 = Debug|Any CPU
		{A030677C-5535-4640-8504-86FD2D980B7E}.Debug|x64.ActiveCfg = Debug|Any CPU
		{A030677C-5535-4640-8504-86FD2D980B7E}.Debug|x64.Build.0 = Debug|Any CPU
		{A030677C-5535-4640-8504-86FD2D980B7E}.Debug|x86.ActiveCfg = Debug|Any CPU
		{A030677C-5535-4640-8504-86FD2D980B7E}.Debug|x86.Build.0 = Debug|Any CPU
		{A030677C-5535-4640-8504-86FD2D980B7E}.Release|Any CPU.ActiveCfg = Release|Any CPU
		{A030677C-5535-4640-8504-86FD2D980B7E}.Release|Any CPU.Build.0 = Release|Any CPU
		{A030677C-5535-4640-8504-86FD2D980B7E}.Release|x64.ActiveCfg = Release|Any CPU
		{A030677C-5535-4640-8504-86FD2D980B7E}.Release|x64.Build.0 = Release|Any CPU
		{A030677C-5535-4640-8504-86FD2D980B7E}.Release|x86.ActiveCfg = Release|Any CPU
		{A030677C-5535-4640-8504-86FD2D980B7E}.Release|x86.Build.0 = Release|Any CPU
		{69F152CB-6F85-4F4A-B3A8-1E826FC1B2CD}.Debug|Any CPU.ActiveCfg = Debug|Any CPU
		{69F152CB-6F85-4F4A-B3A8-1E826FC1B2CD}.Debug|Any CPU.Build.0 = Debug|Any CPU
		{69F152CB-6F85-4F4A-B3A8-1E826FC1B2CD}.Debug|x64.ActiveCfg = Debug|Any CPU
		{69F152CB-6F85-4F4A-B3A8-1E826FC1B2CD}.Debug|x64.Build.0 = Debug|Any CPU
		{69F152CB-6F85-4F4A-B3A8-1E826FC1B2CD}.Debug|x86.ActiveCfg = Debug|Any CPU
		{69F152CB-6F85-4F4A-B3A8-1E826FC1B2CD}.Debug|x86.Build.0 = Debug|Any CPU
		{69F152CB-6F85-4F4A-B3A8-1E826FC1B2CD}.Release|Any CPU.ActiveCfg = Release|Any CPU
		{69F152CB-6F85-4F4A-B3A8-1E826FC1B2CD}.Release|Any CPU.Build.0 = Release|Any CPU
		{69F152CB-6F85-4F4A-B3A8-1E826FC1B2CD}.Release|x64.ActiveCfg = Release|Any CPU
		{69F152CB-6F85-4F4A-B3A8-1E826FC1B2CD}.Release|x64.Build.0 = Release|Any CPU
		{69F152CB-6F85-4F4A-B3A8-1E826FC1B2CD}.Release|x86.ActiveCfg = Release|Any CPU
		{69F152CB-6F85-4F4A-B3A8-1E826FC1B2CD}.Release|x86.Build.0 = Release|Any CPU
		{48C4F215-B97E-42B2-9435-BE26DD48BEA2}.Debug|Any CPU.ActiveCfg = Debug|Any CPU
		{48C4F215-B97E-42B2-9435-BE26DD48BEA2}.Debug|Any CPU.Build.0 = Debug|Any CPU
		{48C4F215-B97E-42B2-9435-BE26DD48BEA2}.Debug|x64.ActiveCfg = Debug|Any CPU
		{48C4F215-B97E-42B2-9435-BE26DD48BEA2}.Debug|x64.Build.0 = Debug|Any CPU
		{48C4F215-B97E-42B2-9435-BE26DD48BEA2}.Debug|x86.ActiveCfg = Debug|Any CPU
		{48C4F215-B97E-42B2-9435-BE26DD48BEA2}.Debug|x86.Build.0 = Debug|Any CPU
		{48C4F215-B97E-42B2-9435-BE26DD48BEA2}.Release|Any CPU.ActiveCfg = Release|Any CPU
		{48C4F215-B97E-42B2-9435-BE26DD48BEA2}.Release|Any CPU.Build.0 = Release|Any CPU
		{48C4F215-B97E-42B2-9435-BE26DD48BEA2}.Release|x64.ActiveCfg = Release|Any CPU
		{48C4F215-B97E-42B2-9435-BE26DD48BEA2}.Release|x64.Build.0 = Release|Any CPU
		{48C4F215-B97E-42B2-9435-BE26DD48BEA2}.Release|x86.ActiveCfg = Release|Any CPU
		{48C4F215-B97E-42B2-9435-BE26DD48BEA2}.Release|x86.Build.0 = Release|Any CPU
		{E858C597-DFE3-47F4-93CF-3A8CF093B353}.Debug|Any CPU.ActiveCfg = Debug|Any CPU
		{E858C597-DFE3-47F4-93CF-3A8CF093B353}.Debug|Any CPU.Build.0 = Debug|Any CPU
		{E858C597-DFE3-47F4-93CF-3A8CF093B353}.Debug|x64.ActiveCfg = Debug|Any CPU
		{E858C597-DFE3-47F4-93CF-3A8CF093B353}.Debug|x64.Build.0 = Debug|Any CPU
		{E858C597-DFE3-47F4-93CF-3A8CF093B353}.Debug|x86.ActiveCfg = Debug|Any CPU
		{E858C597-DFE3-47F4-93CF-3A8CF093B353}.Debug|x86.Build.0 = Debug|Any CPU
		{E858C597-DFE3-47F4-93CF-3A8CF093B353}.Release|Any CPU.ActiveCfg = Release|Any CPU
		{E858C597-DFE3-47F4-93CF-3A8CF093B353}.Release|Any CPU.Build.0 = Release|Any CPU
		{E858C597-DFE3-47F4-93CF-3A8CF093B353}.Release|x64.ActiveCfg = Release|Any CPU
		{E858C597-DFE3-47F4-93CF-3A8CF093B353}.Release|x64.Build.0 = Release|Any CPU
		{E858C597-DFE3-47F4-93CF-3A8CF093B353}.Release|x86.ActiveCfg = Release|Any CPU
		{E858C597-DFE3-47F4-93CF-3A8CF093B353}.Release|x86.Build.0 = Release|Any CPU
		{F71069EA-1379-4961-BB17-3B65A1B68056}.Debug|Any CPU.ActiveCfg = Debug|Any CPU
		{F71069EA-1379-4961-BB17-3B65A1B68056}.Debug|Any CPU.Build.0 = Debug|Any CPU
		{F71069EA-1379-4961-BB17-3B65A1B68056}.Debug|x64.ActiveCfg = Debug|Any CPU
		{F71069EA-1379-4961-BB17-3B65A1B68056}.Debug|x64.Build.0 = Debug|Any CPU
		{F71069EA-1379-4961-BB17-3B65A1B68056}.Debug|x86.ActiveCfg = Debug|Any CPU
		{F71069EA-1379-4961-BB17-3B65A1B68056}.Debug|x86.Build.0 = Debug|Any CPU
		{F71069EA-1379-4961-BB17-3B65A1B68056}.Release|Any CPU.ActiveCfg = Release|Any CPU
		{F71069EA-1379-4961-BB17-3B65A1B68056}.Release|Any CPU.Build.0 = Release|Any CPU
		{F71069EA-1379-4961-BB17-3B65A1B68056}.Release|x64.ActiveCfg = Release|Any CPU
		{F71069EA-1379-4961-BB17-3B65A1B68056}.Release|x64.Build.0 = Release|Any CPU
		{F71069EA-1379-4961-BB17-3B65A1B68056}.Release|x86.ActiveCfg = Release|Any CPU
		{F71069EA-1379-4961-BB17-3B65A1B68056}.Release|x86.Build.0 = Release|Any CPU
		{F0FD4D20-A4B4-4D74-A18D-0003F879D4E5}.Debug|Any CPU.ActiveCfg = Debug|Any CPU
		{F0FD4D20-A4B4-4D74-A18D-0003F879D4E5}.Debug|Any CPU.Build.0 = Debug|Any CPU
		{F0FD4D20-A4B4-4D74-A18D-0003F879D4E5}.Debug|x64.ActiveCfg = Debug|Any CPU
		{F0FD4D20-A4B4-4D74-A18D-0003F879D4E5}.Debug|x64.Build.0 = Debug|Any CPU
		{F0FD4D20-A4B4-4D74-A18D-0003F879D4E5}.Debug|x86.ActiveCfg = Debug|Any CPU
		{F0FD4D20-A4B4-4D74-A18D-0003F879D4E5}.Debug|x86.Build.0 = Debug|Any CPU
		{F0FD4D20-A4B4-4D74-A18D-0003F879D4E5}.Release|Any CPU.ActiveCfg = Release|Any CPU
		{F0FD4D20-A4B4-4D74-A18D-0003F879D4E5}.Release|Any CPU.Build.0 = Release|Any CPU
		{F0FD4D20-A4B4-4D74-A18D-0003F879D4E5}.Release|x64.ActiveCfg = Release|Any CPU
		{F0FD4D20-A4B4-4D74-A18D-0003F879D4E5}.Release|x64.Build.0 = Release|Any CPU
		{F0FD4D20-A4B4-4D74-A18D-0003F879D4E5}.Release|x86.ActiveCfg = Release|Any CPU
		{F0FD4D20-A4B4-4D74-A18D-0003F879D4E5}.Release|x86.Build.0 = Release|Any CPU
		{4088ACA6-7913-4C15-8D40-1C4CBFA8C37E}.Debug|Any CPU.ActiveCfg = Debug|Any CPU
		{4088ACA6-7913-4C15-8D40-1C4CBFA8C37E}.Debug|Any CPU.Build.0 = Debug|Any CPU
		{4088ACA6-7913-4C15-8D40-1C4CBFA8C37E}.Debug|x64.ActiveCfg = Debug|Any CPU
		{4088ACA6-7913-4C15-8D40-1C4CBFA8C37E}.Debug|x64.Build.0 = Debug|Any CPU
		{4088ACA6-7913-4C15-8D40-1C4CBFA8C37E}.Debug|x86.ActiveCfg = Debug|Any CPU
		{4088ACA6-7913-4C15-8D40-1C4CBFA8C37E}.Debug|x86.Build.0 = Debug|Any CPU
		{4088ACA6-7913-4C15-8D40-1C4CBFA8C37E}.Release|Any CPU.ActiveCfg = Release|Any CPU
		{4088ACA6-7913-4C15-8D40-1C4CBFA8C37E}.Release|Any CPU.Build.0 = Release|Any CPU
		{4088ACA6-7913-4C15-8D40-1C4CBFA8C37E}.Release|x64.ActiveCfg = Release|Any CPU
		{4088ACA6-7913-4C15-8D40-1C4CBFA8C37E}.Release|x64.Build.0 = Release|Any CPU
		{4088ACA6-7913-4C15-8D40-1C4CBFA8C37E}.Release|x86.ActiveCfg = Release|Any CPU
		{4088ACA6-7913-4C15-8D40-1C4CBFA8C37E}.Release|x86.Build.0 = Release|Any CPU
		{3744E605-EA88-427D-B132-C87D44658ED4}.Debug|Any CPU.ActiveCfg = Debug|Any CPU
		{3744E605-EA88-427D-B132-C87D44658ED4}.Debug|Any CPU.Build.0 = Debug|Any CPU
		{3744E605-EA88-427D-B132-C87D44658ED4}.Debug|x64.ActiveCfg = Debug|Any CPU
		{3744E605-EA88-427D-B132-C87D44658ED4}.Debug|x64.Build.0 = Debug|Any CPU
		{3744E605-EA88-427D-B132-C87D44658ED4}.Debug|x86.ActiveCfg = Debug|Any CPU
		{3744E605-EA88-427D-B132-C87D44658ED4}.Debug|x86.Build.0 = Debug|Any CPU
		{3744E605-EA88-427D-B132-C87D44658ED4}.Release|Any CPU.ActiveCfg = Release|Any CPU
		{3744E605-EA88-427D-B132-C87D44658ED4}.Release|Any CPU.Build.0 = Release|Any CPU
		{3744E605-EA88-427D-B132-C87D44658ED4}.Release|x64.ActiveCfg = Release|Any CPU
		{3744E605-EA88-427D-B132-C87D44658ED4}.Release|x64.Build.0 = Release|Any CPU
		{3744E605-EA88-427D-B132-C87D44658ED4}.Release|x86.ActiveCfg = Release|Any CPU
		{3744E605-EA88-427D-B132-C87D44658ED4}.Release|x86.Build.0 = Release|Any CPU
		{CBD46EB0-3390-4B10-8E52-5727914AA8D9}.Debug|Any CPU.ActiveCfg = Debug|Any CPU
		{CBD46EB0-3390-4B10-8E52-5727914AA8D9}.Debug|Any CPU.Build.0 = Debug|Any CPU
		{CBD46EB0-3390-4B10-8E52-5727914AA8D9}.Debug|x64.ActiveCfg = Debug|Any CPU
		{CBD46EB0-3390-4B10-8E52-5727914AA8D9}.Debug|x64.Build.0 = Debug|Any CPU
		{CBD46EB0-3390-4B10-8E52-5727914AA8D9}.Debug|x86.ActiveCfg = Debug|Any CPU
		{CBD46EB0-3390-4B10-8E52-5727914AA8D9}.Debug|x86.Build.0 = Debug|Any CPU
		{CBD46EB0-3390-4B10-8E52-5727914AA8D9}.Release|Any CPU.ActiveCfg = Release|Any CPU
		{CBD46EB0-3390-4B10-8E52-5727914AA8D9}.Release|Any CPU.Build.0 = Release|Any CPU
		{CBD46EB0-3390-4B10-8E52-5727914AA8D9}.Release|x64.ActiveCfg = Release|Any CPU
		{CBD46EB0-3390-4B10-8E52-5727914AA8D9}.Release|x64.Build.0 = Release|Any CPU
		{CBD46EB0-3390-4B10-8E52-5727914AA8D9}.Release|x86.ActiveCfg = Release|Any CPU
		{CBD46EB0-3390-4B10-8E52-5727914AA8D9}.Release|x86.Build.0 = Release|Any CPU
		{8FC62F43-FCA0-4BDE-B2A1-6A49E287A142}.Debug|Any CPU.ActiveCfg = Debug|Any CPU
		{8FC62F43-FCA0-4BDE-B2A1-6A49E287A142}.Debug|Any CPU.Build.0 = Debug|Any CPU
		{8FC62F43-FCA0-4BDE-B2A1-6A49E287A142}.Debug|x64.ActiveCfg = Debug|Any CPU
		{8FC62F43-FCA0-4BDE-B2A1-6A49E287A142}.Debug|x64.Build.0 = Debug|Any CPU
		{8FC62F43-FCA0-4BDE-B2A1-6A49E287A142}.Debug|x86.ActiveCfg = Debug|Any CPU
		{8FC62F43-FCA0-4BDE-B2A1-6A49E287A142}.Debug|x86.Build.0 = Debug|Any CPU
		{8FC62F43-FCA0-4BDE-B2A1-6A49E287A142}.Release|Any CPU.ActiveCfg = Release|Any CPU
		{8FC62F43-FCA0-4BDE-B2A1-6A49E287A142}.Release|Any CPU.Build.0 = Release|Any CPU
		{8FC62F43-FCA0-4BDE-B2A1-6A49E287A142}.Release|x64.ActiveCfg = Release|Any CPU
		{8FC62F43-FCA0-4BDE-B2A1-6A49E287A142}.Release|x64.Build.0 = Release|Any CPU
		{8FC62F43-FCA0-4BDE-B2A1-6A49E287A142}.Release|x86.ActiveCfg = Release|Any CPU
		{8FC62F43-FCA0-4BDE-B2A1-6A49E287A142}.Release|x86.Build.0 = Release|Any CPU
		{A65FD99A-94B3-4B84-9AB5-667DE47797F0}.Debug|Any CPU.ActiveCfg = Debug|Any CPU
		{A65FD99A-94B3-4B84-9AB5-667DE47797F0}.Debug|Any CPU.Build.0 = Debug|Any CPU
		{A65FD99A-94B3-4B84-9AB5-667DE47797F0}.Debug|x64.ActiveCfg = Debug|Any CPU
		{A65FD99A-94B3-4B84-9AB5-667DE47797F0}.Debug|x64.Build.0 = Debug|Any CPU
		{A65FD99A-94B3-4B84-9AB5-667DE47797F0}.Debug|x86.ActiveCfg = Debug|Any CPU
		{A65FD99A-94B3-4B84-9AB5-667DE47797F0}.Debug|x86.Build.0 = Debug|Any CPU
		{A65FD99A-94B3-4B84-9AB5-667DE47797F0}.Release|Any CPU.ActiveCfg = Release|Any CPU
		{A65FD99A-94B3-4B84-9AB5-667DE47797F0}.Release|Any CPU.Build.0 = Release|Any CPU
		{A65FD99A-94B3-4B84-9AB5-667DE47797F0}.Release|x64.ActiveCfg = Release|Any CPU
		{A65FD99A-94B3-4B84-9AB5-667DE47797F0}.Release|x64.Build.0 = Release|Any CPU
		{A65FD99A-94B3-4B84-9AB5-667DE47797F0}.Release|x86.ActiveCfg = Release|Any CPU
		{A65FD99A-94B3-4B84-9AB5-667DE47797F0}.Release|x86.Build.0 = Release|Any CPU
		{670D544F-5A64-4DF5-8239-EB9E1487F283}.Debug|Any CPU.ActiveCfg = Debug|Any CPU
		{670D544F-5A64-4DF5-8239-EB9E1487F283}.Debug|Any CPU.Build.0 = Debug|Any CPU
		{670D544F-5A64-4DF5-8239-EB9E1487F283}.Debug|x64.ActiveCfg = Debug|Any CPU
		{670D544F-5A64-4DF5-8239-EB9E1487F283}.Debug|x64.Build.0 = Debug|Any CPU
		{670D544F-5A64-4DF5-8239-EB9E1487F283}.Debug|x86.ActiveCfg = Debug|Any CPU
		{670D544F-5A64-4DF5-8239-EB9E1487F283}.Debug|x86.Build.0 = Debug|Any CPU
		{670D544F-5A64-4DF5-8239-EB9E1487F283}.Release|Any CPU.ActiveCfg = Release|Any CPU
		{670D544F-5A64-4DF5-8239-EB9E1487F283}.Release|Any CPU.Build.0 = Release|Any CPU
		{670D544F-5A64-4DF5-8239-EB9E1487F283}.Release|x64.ActiveCfg = Release|Any CPU
		{670D544F-5A64-4DF5-8239-EB9E1487F283}.Release|x64.Build.0 = Release|Any CPU
		{670D544F-5A64-4DF5-8239-EB9E1487F283}.Release|x86.ActiveCfg = Release|Any CPU
		{670D544F-5A64-4DF5-8239-EB9E1487F283}.Release|x86.Build.0 = Release|Any CPU
		{E819AA4F-4817-447F-AA19-02D2F33FC447}.Debug|Any CPU.ActiveCfg = Debug|Any CPU
		{E819AA4F-4817-447F-AA19-02D2F33FC447}.Debug|Any CPU.Build.0 = Debug|Any CPU
		{E819AA4F-4817-447F-AA19-02D2F33FC447}.Debug|x64.ActiveCfg = Debug|Any CPU
		{E819AA4F-4817-447F-AA19-02D2F33FC447}.Debug|x64.Build.0 = Debug|Any CPU
		{E819AA4F-4817-447F-AA19-02D2F33FC447}.Debug|x86.ActiveCfg = Debug|Any CPU
		{E819AA4F-4817-447F-AA19-02D2F33FC447}.Debug|x86.Build.0 = Debug|Any CPU
		{E819AA4F-4817-447F-AA19-02D2F33FC447}.Release|Any CPU.ActiveCfg = Release|Any CPU
		{E819AA4F-4817-447F-AA19-02D2F33FC447}.Release|Any CPU.Build.0 = Release|Any CPU
		{E819AA4F-4817-447F-AA19-02D2F33FC447}.Release|x64.ActiveCfg = Release|Any CPU
		{E819AA4F-4817-447F-AA19-02D2F33FC447}.Release|x64.Build.0 = Release|Any CPU
		{E819AA4F-4817-447F-AA19-02D2F33FC447}.Release|x86.ActiveCfg = Release|Any CPU
		{E819AA4F-4817-447F-AA19-02D2F33FC447}.Release|x86.Build.0 = Release|Any CPU
		{99926CB9-E2AF-4DA7-AAD3-6712163683C1}.Debug|Any CPU.ActiveCfg = Debug|Any CPU
		{99926CB9-E2AF-4DA7-AAD3-6712163683C1}.Debug|Any CPU.Build.0 = Debug|Any CPU
		{99926CB9-E2AF-4DA7-AAD3-6712163683C1}.Debug|x64.ActiveCfg = Debug|Any CPU
		{99926CB9-E2AF-4DA7-AAD3-6712163683C1}.Debug|x64.Build.0 = Debug|Any CPU
		{99926CB9-E2AF-4DA7-AAD3-6712163683C1}.Debug|x86.ActiveCfg = Debug|Any CPU
		{99926CB9-E2AF-4DA7-AAD3-6712163683C1}.Debug|x86.Build.0 = Debug|Any CPU
		{99926CB9-E2AF-4DA7-AAD3-6712163683C1}.Release|Any CPU.ActiveCfg = Release|Any CPU
		{99926CB9-E2AF-4DA7-AAD3-6712163683C1}.Release|Any CPU.Build.0 = Release|Any CPU
		{99926CB9-E2AF-4DA7-AAD3-6712163683C1}.Release|x64.ActiveCfg = Release|Any CPU
		{99926CB9-E2AF-4DA7-AAD3-6712163683C1}.Release|x64.Build.0 = Release|Any CPU
		{99926CB9-E2AF-4DA7-AAD3-6712163683C1}.Release|x86.ActiveCfg = Release|Any CPU
		{99926CB9-E2AF-4DA7-AAD3-6712163683C1}.Release|x86.Build.0 = Release|Any CPU
		{B9846F93-3DF5-498D-BDF2-AB1314D54D5E}.Debug|Any CPU.ActiveCfg = Debug|Any CPU
		{B9846F93-3DF5-498D-BDF2-AB1314D54D5E}.Debug|Any CPU.Build.0 = Debug|Any CPU
		{B9846F93-3DF5-498D-BDF2-AB1314D54D5E}.Debug|x64.ActiveCfg = Debug|Any CPU
		{B9846F93-3DF5-498D-BDF2-AB1314D54D5E}.Debug|x64.Build.0 = Debug|Any CPU
		{B9846F93-3DF5-498D-BDF2-AB1314D54D5E}.Debug|x86.ActiveCfg = Debug|Any CPU
		{B9846F93-3DF5-498D-BDF2-AB1314D54D5E}.Debug|x86.Build.0 = Debug|Any CPU
		{B9846F93-3DF5-498D-BDF2-AB1314D54D5E}.Release|Any CPU.ActiveCfg = Release|Any CPU
		{B9846F93-3DF5-498D-BDF2-AB1314D54D5E}.Release|Any CPU.Build.0 = Release|Any CPU
		{B9846F93-3DF5-498D-BDF2-AB1314D54D5E}.Release|x64.ActiveCfg = Release|Any CPU
		{B9846F93-3DF5-498D-BDF2-AB1314D54D5E}.Release|x64.Build.0 = Release|Any CPU
		{B9846F93-3DF5-498D-BDF2-AB1314D54D5E}.Release|x86.ActiveCfg = Release|Any CPU
		{B9846F93-3DF5-498D-BDF2-AB1314D54D5E}.Release|x86.Build.0 = Release|Any CPU
		{949AD8A1-4927-400D-A345-05DD6831DAFF}.Debug|Any CPU.ActiveCfg = Debug|Any CPU
		{949AD8A1-4927-400D-A345-05DD6831DAFF}.Debug|Any CPU.Build.0 = Debug|Any CPU
		{949AD8A1-4927-400D-A345-05DD6831DAFF}.Debug|x64.ActiveCfg = Debug|Any CPU
		{949AD8A1-4927-400D-A345-05DD6831DAFF}.Debug|x64.Build.0 = Debug|Any CPU
		{949AD8A1-4927-400D-A345-05DD6831DAFF}.Debug|x86.ActiveCfg = Debug|Any CPU
		{949AD8A1-4927-400D-A345-05DD6831DAFF}.Debug|x86.Build.0 = Debug|Any CPU
		{949AD8A1-4927-400D-A345-05DD6831DAFF}.Release|Any CPU.ActiveCfg = Release|Any CPU
		{949AD8A1-4927-400D-A345-05DD6831DAFF}.Release|Any CPU.Build.0 = Release|Any CPU
		{949AD8A1-4927-400D-A345-05DD6831DAFF}.Release|x64.ActiveCfg = Release|Any CPU
		{949AD8A1-4927-400D-A345-05DD6831DAFF}.Release|x64.Build.0 = Release|Any CPU
		{949AD8A1-4927-400D-A345-05DD6831DAFF}.Release|x86.ActiveCfg = Release|Any CPU
		{949AD8A1-4927-400D-A345-05DD6831DAFF}.Release|x86.Build.0 = Release|Any CPU
		{51FFC785-87DA-4B48-84C5-977A17D821C3}.Debug|Any CPU.ActiveCfg = Debug|Any CPU
		{51FFC785-87DA-4B48-84C5-977A17D821C3}.Debug|Any CPU.Build.0 = Debug|Any CPU
		{51FFC785-87DA-4B48-84C5-977A17D821C3}.Debug|x64.ActiveCfg = Debug|Any CPU
		{51FFC785-87DA-4B48-84C5-977A17D821C3}.Debug|x64.Build.0 = Debug|Any CPU
		{51FFC785-87DA-4B48-84C5-977A17D821C3}.Debug|x86.ActiveCfg = Debug|Any CPU
		{51FFC785-87DA-4B48-84C5-977A17D821C3}.Debug|x86.Build.0 = Debug|Any CPU
		{51FFC785-87DA-4B48-84C5-977A17D821C3}.Release|Any CPU.ActiveCfg = Release|Any CPU
		{51FFC785-87DA-4B48-84C5-977A17D821C3}.Release|Any CPU.Build.0 = Release|Any CPU
		{51FFC785-87DA-4B48-84C5-977A17D821C3}.Release|x64.ActiveCfg = Release|Any CPU
		{51FFC785-87DA-4B48-84C5-977A17D821C3}.Release|x64.Build.0 = Release|Any CPU
		{51FFC785-87DA-4B48-84C5-977A17D821C3}.Release|x86.ActiveCfg = Release|Any CPU
		{51FFC785-87DA-4B48-84C5-977A17D821C3}.Release|x86.Build.0 = Release|Any CPU
		{530A6EE1-187B-40AB-9F31-094E8D2C107C}.Debug|Any CPU.ActiveCfg = Debug|Any CPU
		{530A6EE1-187B-40AB-9F31-094E8D2C107C}.Debug|Any CPU.Build.0 = Debug|Any CPU
		{530A6EE1-187B-40AB-9F31-094E8D2C107C}.Debug|x64.ActiveCfg = Debug|Any CPU
		{530A6EE1-187B-40AB-9F31-094E8D2C107C}.Debug|x64.Build.0 = Debug|Any CPU
		{530A6EE1-187B-40AB-9F31-094E8D2C107C}.Debug|x86.ActiveCfg = Debug|Any CPU
		{530A6EE1-187B-40AB-9F31-094E8D2C107C}.Debug|x86.Build.0 = Debug|Any CPU
		{530A6EE1-187B-40AB-9F31-094E8D2C107C}.Release|Any CPU.ActiveCfg = Release|Any CPU
		{530A6EE1-187B-40AB-9F31-094E8D2C107C}.Release|Any CPU.Build.0 = Release|Any CPU
		{530A6EE1-187B-40AB-9F31-094E8D2C107C}.Release|x64.ActiveCfg = Release|Any CPU
		{530A6EE1-187B-40AB-9F31-094E8D2C107C}.Release|x64.Build.0 = Release|Any CPU
		{530A6EE1-187B-40AB-9F31-094E8D2C107C}.Release|x86.ActiveCfg = Release|Any CPU
		{530A6EE1-187B-40AB-9F31-094E8D2C107C}.Release|x86.Build.0 = Release|Any CPU
		{EFC96F5A-6C10-4CA8-BA6B-1B8B451898F4}.Debug|Any CPU.ActiveCfg = Debug|Any CPU
		{EFC96F5A-6C10-4CA8-BA6B-1B8B451898F4}.Debug|Any CPU.Build.0 = Debug|Any CPU
		{EFC96F5A-6C10-4CA8-BA6B-1B8B451898F4}.Debug|x64.ActiveCfg = Debug|Any CPU
		{EFC96F5A-6C10-4CA8-BA6B-1B8B451898F4}.Debug|x64.Build.0 = Debug|Any CPU
		{EFC96F5A-6C10-4CA8-BA6B-1B8B451898F4}.Debug|x86.ActiveCfg = Debug|Any CPU
		{EFC96F5A-6C10-4CA8-BA6B-1B8B451898F4}.Debug|x86.Build.0 = Debug|Any CPU
		{EFC96F5A-6C10-4CA8-BA6B-1B8B451898F4}.Release|Any CPU.ActiveCfg = Release|Any CPU
		{EFC96F5A-6C10-4CA8-BA6B-1B8B451898F4}.Release|Any CPU.Build.0 = Release|Any CPU
		{EFC96F5A-6C10-4CA8-BA6B-1B8B451898F4}.Release|x64.ActiveCfg = Release|Any CPU
		{EFC96F5A-6C10-4CA8-BA6B-1B8B451898F4}.Release|x64.Build.0 = Release|Any CPU
		{EFC96F5A-6C10-4CA8-BA6B-1B8B451898F4}.Release|x86.ActiveCfg = Release|Any CPU
		{EFC96F5A-6C10-4CA8-BA6B-1B8B451898F4}.Release|x86.Build.0 = Release|Any CPU
		{D5950691-39EF-4817-9717-AE1203BF08C3}.Debug|Any CPU.ActiveCfg = Debug|Any CPU
		{D5950691-39EF-4817-9717-AE1203BF08C3}.Debug|Any CPU.Build.0 = Debug|Any CPU
		{D5950691-39EF-4817-9717-AE1203BF08C3}.Debug|x64.ActiveCfg = Debug|Any CPU
		{D5950691-39EF-4817-9717-AE1203BF08C3}.Debug|x64.Build.0 = Debug|Any CPU
		{D5950691-39EF-4817-9717-AE1203BF08C3}.Debug|x86.ActiveCfg = Debug|Any CPU
		{D5950691-39EF-4817-9717-AE1203BF08C3}.Debug|x86.Build.0 = Debug|Any CPU
		{D5950691-39EF-4817-9717-AE1203BF08C3}.Release|Any CPU.ActiveCfg = Release|Any CPU
		{D5950691-39EF-4817-9717-AE1203BF08C3}.Release|Any CPU.Build.0 = Release|Any CPU
		{D5950691-39EF-4817-9717-AE1203BF08C3}.Release|x64.ActiveCfg = Release|Any CPU
		{D5950691-39EF-4817-9717-AE1203BF08C3}.Release|x64.Build.0 = Release|Any CPU
		{D5950691-39EF-4817-9717-AE1203BF08C3}.Release|x86.ActiveCfg = Release|Any CPU
		{D5950691-39EF-4817-9717-AE1203BF08C3}.Release|x86.Build.0 = Release|Any CPU
		{5DACF00D-285A-41C6-995E-682E2322392E}.Debug|Any CPU.ActiveCfg = Debug|Any CPU
		{5DACF00D-285A-41C6-995E-682E2322392E}.Debug|Any CPU.Build.0 = Debug|Any CPU
		{5DACF00D-285A-41C6-995E-682E2322392E}.Debug|x64.ActiveCfg = Debug|Any CPU
		{5DACF00D-285A-41C6-995E-682E2322392E}.Debug|x64.Build.0 = Debug|Any CPU
		{5DACF00D-285A-41C6-995E-682E2322392E}.Debug|x86.ActiveCfg = Debug|Any CPU
		{5DACF00D-285A-41C6-995E-682E2322392E}.Debug|x86.Build.0 = Debug|Any CPU
		{5DACF00D-285A-41C6-995E-682E2322392E}.Release|Any CPU.ActiveCfg = Release|Any CPU
		{5DACF00D-285A-41C6-995E-682E2322392E}.Release|Any CPU.Build.0 = Release|Any CPU
		{5DACF00D-285A-41C6-995E-682E2322392E}.Release|x64.ActiveCfg = Release|Any CPU
		{5DACF00D-285A-41C6-995E-682E2322392E}.Release|x64.Build.0 = Release|Any CPU
		{5DACF00D-285A-41C6-995E-682E2322392E}.Release|x86.ActiveCfg = Release|Any CPU
		{5DACF00D-285A-41C6-995E-682E2322392E}.Release|x86.Build.0 = Release|Any CPU
		{E9DA9E85-89D2-4A39-8E54-1775D769CFD2}.Debug|Any CPU.ActiveCfg = Debug|Any CPU
		{E9DA9E85-89D2-4A39-8E54-1775D769CFD2}.Debug|Any CPU.Build.0 = Debug|Any CPU
		{E9DA9E85-89D2-4A39-8E54-1775D769CFD2}.Debug|x64.ActiveCfg = Debug|Any CPU
		{E9DA9E85-89D2-4A39-8E54-1775D769CFD2}.Debug|x64.Build.0 = Debug|Any CPU
		{E9DA9E85-89D2-4A39-8E54-1775D769CFD2}.Debug|x86.ActiveCfg = Debug|Any CPU
		{E9DA9E85-89D2-4A39-8E54-1775D769CFD2}.Debug|x86.Build.0 = Debug|Any CPU
		{E9DA9E85-89D2-4A39-8E54-1775D769CFD2}.Release|Any CPU.ActiveCfg = Release|Any CPU
		{E9DA9E85-89D2-4A39-8E54-1775D769CFD2}.Release|Any CPU.Build.0 = Release|Any CPU
		{E9DA9E85-89D2-4A39-8E54-1775D769CFD2}.Release|x64.ActiveCfg = Release|Any CPU
		{E9DA9E85-89D2-4A39-8E54-1775D769CFD2}.Release|x64.Build.0 = Release|Any CPU
		{E9DA9E85-89D2-4A39-8E54-1775D769CFD2}.Release|x86.ActiveCfg = Release|Any CPU
		{E9DA9E85-89D2-4A39-8E54-1775D769CFD2}.Release|x86.Build.0 = Release|Any CPU
		{4A0FD115-D708-4DF6-A94F-EE49AC2EE316}.Debug|Any CPU.ActiveCfg = Debug|Any CPU
		{4A0FD115-D708-4DF6-A94F-EE49AC2EE316}.Debug|Any CPU.Build.0 = Debug|Any CPU
		{4A0FD115-D708-4DF6-A94F-EE49AC2EE316}.Debug|x64.ActiveCfg = Debug|Any CPU
		{4A0FD115-D708-4DF6-A94F-EE49AC2EE316}.Debug|x64.Build.0 = Debug|Any CPU
		{4A0FD115-D708-4DF6-A94F-EE49AC2EE316}.Debug|x86.ActiveCfg = Debug|Any CPU
		{4A0FD115-D708-4DF6-A94F-EE49AC2EE316}.Debug|x86.Build.0 = Debug|Any CPU
		{4A0FD115-D708-4DF6-A94F-EE49AC2EE316}.Release|Any CPU.ActiveCfg = Release|Any CPU
		{4A0FD115-D708-4DF6-A94F-EE49AC2EE316}.Release|Any CPU.Build.0 = Release|Any CPU
		{4A0FD115-D708-4DF6-A94F-EE49AC2EE316}.Release|x64.ActiveCfg = Release|Any CPU
		{4A0FD115-D708-4DF6-A94F-EE49AC2EE316}.Release|x64.Build.0 = Release|Any CPU
		{4A0FD115-D708-4DF6-A94F-EE49AC2EE316}.Release|x86.ActiveCfg = Release|Any CPU
		{4A0FD115-D708-4DF6-A94F-EE49AC2EE316}.Release|x86.Build.0 = Release|Any CPU
		{94A7E207-BAC5-40DE-A8DB-2C443F5D26AA}.Debug|Any CPU.ActiveCfg = Debug|Any CPU
		{94A7E207-BAC5-40DE-A8DB-2C443F5D26AA}.Debug|Any CPU.Build.0 = Debug|Any CPU
		{94A7E207-BAC5-40DE-A8DB-2C443F5D26AA}.Debug|x64.ActiveCfg = Debug|Any CPU
		{94A7E207-BAC5-40DE-A8DB-2C443F5D26AA}.Debug|x64.Build.0 = Debug|Any CPU
		{94A7E207-BAC5-40DE-A8DB-2C443F5D26AA}.Debug|x86.ActiveCfg = Debug|Any CPU
		{94A7E207-BAC5-40DE-A8DB-2C443F5D26AA}.Debug|x86.Build.0 = Debug|Any CPU
		{94A7E207-BAC5-40DE-A8DB-2C443F5D26AA}.Release|Any CPU.ActiveCfg = Release|Any CPU
		{94A7E207-BAC5-40DE-A8DB-2C443F5D26AA}.Release|Any CPU.Build.0 = Release|Any CPU
		{94A7E207-BAC5-40DE-A8DB-2C443F5D26AA}.Release|x64.ActiveCfg = Release|Any CPU
		{94A7E207-BAC5-40DE-A8DB-2C443F5D26AA}.Release|x64.Build.0 = Release|Any CPU
		{94A7E207-BAC5-40DE-A8DB-2C443F5D26AA}.Release|x86.ActiveCfg = Release|Any CPU
		{94A7E207-BAC5-40DE-A8DB-2C443F5D26AA}.Release|x86.Build.0 = Release|Any CPU
		{AA3C9203-B3CE-4EDF-A889-D4E711D90792}.Debug|Any CPU.ActiveCfg = Debug|Any CPU
		{AA3C9203-B3CE-4EDF-A889-D4E711D90792}.Debug|Any CPU.Build.0 = Debug|Any CPU
		{AA3C9203-B3CE-4EDF-A889-D4E711D90792}.Debug|x64.ActiveCfg = Debug|Any CPU
		{AA3C9203-B3CE-4EDF-A889-D4E711D90792}.Debug|x64.Build.0 = Debug|Any CPU
		{AA3C9203-B3CE-4EDF-A889-D4E711D90792}.Debug|x86.ActiveCfg = Debug|Any CPU
		{AA3C9203-B3CE-4EDF-A889-D4E711D90792}.Debug|x86.Build.0 = Debug|Any CPU
		{AA3C9203-B3CE-4EDF-A889-D4E711D90792}.Release|Any CPU.ActiveCfg = Release|Any CPU
		{AA3C9203-B3CE-4EDF-A889-D4E711D90792}.Release|Any CPU.Build.0 = Release|Any CPU
		{AA3C9203-B3CE-4EDF-A889-D4E711D90792}.Release|x64.ActiveCfg = Release|Any CPU
		{AA3C9203-B3CE-4EDF-A889-D4E711D90792}.Release|x64.Build.0 = Release|Any CPU
		{AA3C9203-B3CE-4EDF-A889-D4E711D90792}.Release|x86.ActiveCfg = Release|Any CPU
		{AA3C9203-B3CE-4EDF-A889-D4E711D90792}.Release|x86.Build.0 = Release|Any CPU
		{E6BBE35E-E4DF-4B92-82F8-EA5B80AE93DE}.Debug|Any CPU.ActiveCfg = Debug|Any CPU
		{E6BBE35E-E4DF-4B92-82F8-EA5B80AE93DE}.Debug|Any CPU.Build.0 = Debug|Any CPU
		{E6BBE35E-E4DF-4B92-82F8-EA5B80AE93DE}.Debug|x64.ActiveCfg = Debug|Any CPU
		{E6BBE35E-E4DF-4B92-82F8-EA5B80AE93DE}.Debug|x64.Build.0 = Debug|Any CPU
		{E6BBE35E-E4DF-4B92-82F8-EA5B80AE93DE}.Debug|x86.ActiveCfg = Debug|Any CPU
		{E6BBE35E-E4DF-4B92-82F8-EA5B80AE93DE}.Debug|x86.Build.0 = Debug|Any CPU
		{E6BBE35E-E4DF-4B92-82F8-EA5B80AE93DE}.Release|Any CPU.ActiveCfg = Release|Any CPU
		{E6BBE35E-E4DF-4B92-82F8-EA5B80AE93DE}.Release|Any CPU.Build.0 = Release|Any CPU
		{E6BBE35E-E4DF-4B92-82F8-EA5B80AE93DE}.Release|x64.ActiveCfg = Release|Any CPU
		{E6BBE35E-E4DF-4B92-82F8-EA5B80AE93DE}.Release|x64.Build.0 = Release|Any CPU
		{E6BBE35E-E4DF-4B92-82F8-EA5B80AE93DE}.Release|x86.ActiveCfg = Release|Any CPU
		{E6BBE35E-E4DF-4B92-82F8-EA5B80AE93DE}.Release|x86.Build.0 = Release|Any CPU
		{066EA704-6050-491E-8ADE-AD0C963DD9DA}.Debug|Any CPU.ActiveCfg = Debug|Any CPU
		{066EA704-6050-491E-8ADE-AD0C963DD9DA}.Debug|Any CPU.Build.0 = Debug|Any CPU
		{066EA704-6050-491E-8ADE-AD0C963DD9DA}.Debug|x64.ActiveCfg = Debug|Any CPU
		{066EA704-6050-491E-8ADE-AD0C963DD9DA}.Debug|x64.Build.0 = Debug|Any CPU
		{066EA704-6050-491E-8ADE-AD0C963DD9DA}.Debug|x86.ActiveCfg = Debug|Any CPU
		{066EA704-6050-491E-8ADE-AD0C963DD9DA}.Debug|x86.Build.0 = Debug|Any CPU
		{066EA704-6050-491E-8ADE-AD0C963DD9DA}.Release|Any CPU.ActiveCfg = Release|Any CPU
		{066EA704-6050-491E-8ADE-AD0C963DD9DA}.Release|Any CPU.Build.0 = Release|Any CPU
		{066EA704-6050-491E-8ADE-AD0C963DD9DA}.Release|x64.ActiveCfg = Release|Any CPU
		{066EA704-6050-491E-8ADE-AD0C963DD9DA}.Release|x64.Build.0 = Release|Any CPU
		{066EA704-6050-491E-8ADE-AD0C963DD9DA}.Release|x86.ActiveCfg = Release|Any CPU
		{066EA704-6050-491E-8ADE-AD0C963DD9DA}.Release|x86.Build.0 = Release|Any CPU
		{5A9FCDB3-3B6F-4F76-89F7-0CD116A20951}.Debug|Any CPU.ActiveCfg = Debug|Any CPU
		{5A9FCDB3-3B6F-4F76-89F7-0CD116A20951}.Debug|Any CPU.Build.0 = Debug|Any CPU
		{5A9FCDB3-3B6F-4F76-89F7-0CD116A20951}.Debug|x64.ActiveCfg = Debug|Any CPU
		{5A9FCDB3-3B6F-4F76-89F7-0CD116A20951}.Debug|x64.Build.0 = Debug|Any CPU
		{5A9FCDB3-3B6F-4F76-89F7-0CD116A20951}.Debug|x86.ActiveCfg = Debug|Any CPU
		{5A9FCDB3-3B6F-4F76-89F7-0CD116A20951}.Debug|x86.Build.0 = Debug|Any CPU
		{5A9FCDB3-3B6F-4F76-89F7-0CD116A20951}.Release|Any CPU.ActiveCfg = Release|Any CPU
		{5A9FCDB3-3B6F-4F76-89F7-0CD116A20951}.Release|Any CPU.Build.0 = Release|Any CPU
		{5A9FCDB3-3B6F-4F76-89F7-0CD116A20951}.Release|x64.ActiveCfg = Release|Any CPU
		{5A9FCDB3-3B6F-4F76-89F7-0CD116A20951}.Release|x64.Build.0 = Release|Any CPU
		{5A9FCDB3-3B6F-4F76-89F7-0CD116A20951}.Release|x86.ActiveCfg = Release|Any CPU
		{5A9FCDB3-3B6F-4F76-89F7-0CD116A20951}.Release|x86.Build.0 = Release|Any CPU
		{34AADB25-76CB-4C33-B012-AFDAB5444EB8}.Debug|Any CPU.ActiveCfg = Debug|Any CPU
		{34AADB25-76CB-4C33-B012-AFDAB5444EB8}.Debug|Any CPU.Build.0 = Debug|Any CPU
		{34AADB25-76CB-4C33-B012-AFDAB5444EB8}.Debug|x64.ActiveCfg = Debug|Any CPU
		{34AADB25-76CB-4C33-B012-AFDAB5444EB8}.Debug|x64.Build.0 = Debug|Any CPU
		{34AADB25-76CB-4C33-B012-AFDAB5444EB8}.Debug|x86.ActiveCfg = Debug|Any CPU
		{34AADB25-76CB-4C33-B012-AFDAB5444EB8}.Debug|x86.Build.0 = Debug|Any CPU
		{34AADB25-76CB-4C33-B012-AFDAB5444EB8}.Release|Any CPU.ActiveCfg = Release|Any CPU
		{34AADB25-76CB-4C33-B012-AFDAB5444EB8}.Release|Any CPU.Build.0 = Release|Any CPU
		{34AADB25-76CB-4C33-B012-AFDAB5444EB8}.Release|x64.ActiveCfg = Release|Any CPU
		{34AADB25-76CB-4C33-B012-AFDAB5444EB8}.Release|x64.Build.0 = Release|Any CPU
		{34AADB25-76CB-4C33-B012-AFDAB5444EB8}.Release|x86.ActiveCfg = Release|Any CPU
		{34AADB25-76CB-4C33-B012-AFDAB5444EB8}.Release|x86.Build.0 = Release|Any CPU
		{6263EBB4-49D5-4231-B55B-6B69AEBD20AB}.Debug|Any CPU.ActiveCfg = Debug|Any CPU
		{6263EBB4-49D5-4231-B55B-6B69AEBD20AB}.Debug|Any CPU.Build.0 = Debug|Any CPU
		{6263EBB4-49D5-4231-B55B-6B69AEBD20AB}.Debug|x64.ActiveCfg = Debug|Any CPU
		{6263EBB4-49D5-4231-B55B-6B69AEBD20AB}.Debug|x64.Build.0 = Debug|Any CPU
		{6263EBB4-49D5-4231-B55B-6B69AEBD20AB}.Debug|x86.ActiveCfg = Debug|Any CPU
		{6263EBB4-49D5-4231-B55B-6B69AEBD20AB}.Debug|x86.Build.0 = Debug|Any CPU
		{6263EBB4-49D5-4231-B55B-6B69AEBD20AB}.Release|Any CPU.ActiveCfg = Release|Any CPU
		{6263EBB4-49D5-4231-B55B-6B69AEBD20AB}.Release|Any CPU.Build.0 = Release|Any CPU
		{6263EBB4-49D5-4231-B55B-6B69AEBD20AB}.Release|x64.ActiveCfg = Release|Any CPU
		{6263EBB4-49D5-4231-B55B-6B69AEBD20AB}.Release|x64.Build.0 = Release|Any CPU
		{6263EBB4-49D5-4231-B55B-6B69AEBD20AB}.Release|x86.ActiveCfg = Release|Any CPU
		{6263EBB4-49D5-4231-B55B-6B69AEBD20AB}.Release|x86.Build.0 = Release|Any CPU
		{588701E3-3435-473D-AE49-39B58E78827C}.Debug|Any CPU.ActiveCfg = Debug|Any CPU
		{588701E3-3435-473D-AE49-39B58E78827C}.Debug|Any CPU.Build.0 = Debug|Any CPU
		{588701E3-3435-473D-AE49-39B58E78827C}.Debug|x64.ActiveCfg = Debug|Any CPU
		{588701E3-3435-473D-AE49-39B58E78827C}.Debug|x64.Build.0 = Debug|Any CPU
		{588701E3-3435-473D-AE49-39B58E78827C}.Debug|x86.ActiveCfg = Debug|Any CPU
		{588701E3-3435-473D-AE49-39B58E78827C}.Debug|x86.Build.0 = Debug|Any CPU
		{588701E3-3435-473D-AE49-39B58E78827C}.Release|Any CPU.ActiveCfg = Release|Any CPU
		{588701E3-3435-473D-AE49-39B58E78827C}.Release|Any CPU.Build.0 = Release|Any CPU
		{588701E3-3435-473D-AE49-39B58E78827C}.Release|x64.ActiveCfg = Release|Any CPU
		{588701E3-3435-473D-AE49-39B58E78827C}.Release|x64.Build.0 = Release|Any CPU
		{588701E3-3435-473D-AE49-39B58E78827C}.Release|x86.ActiveCfg = Release|Any CPU
		{588701E3-3435-473D-AE49-39B58E78827C}.Release|x86.Build.0 = Release|Any CPU
		{C865FB4C-25A7-4EBB-876E-58A759467E78}.Debug|Any CPU.ActiveCfg = Debug|Any CPU
		{C865FB4C-25A7-4EBB-876E-58A759467E78}.Debug|Any CPU.Build.0 = Debug|Any CPU
		{C865FB4C-25A7-4EBB-876E-58A759467E78}.Debug|x64.ActiveCfg = Debug|Any CPU
		{C865FB4C-25A7-4EBB-876E-58A759467E78}.Debug|x64.Build.0 = Debug|Any CPU
		{C865FB4C-25A7-4EBB-876E-58A759467E78}.Debug|x86.ActiveCfg = Debug|Any CPU
		{C865FB4C-25A7-4EBB-876E-58A759467E78}.Debug|x86.Build.0 = Debug|Any CPU
		{C865FB4C-25A7-4EBB-876E-58A759467E78}.Release|Any CPU.ActiveCfg = Release|Any CPU
		{C865FB4C-25A7-4EBB-876E-58A759467E78}.Release|Any CPU.Build.0 = Release|Any CPU
		{C865FB4C-25A7-4EBB-876E-58A759467E78}.Release|x64.ActiveCfg = Release|Any CPU
		{C865FB4C-25A7-4EBB-876E-58A759467E78}.Release|x64.Build.0 = Release|Any CPU
		{C865FB4C-25A7-4EBB-876E-58A759467E78}.Release|x86.ActiveCfg = Release|Any CPU
		{C865FB4C-25A7-4EBB-876E-58A759467E78}.Release|x86.Build.0 = Release|Any CPU
		{885522E8-A87A-4954-A415-03910AC175E0}.Debug|Any CPU.ActiveCfg = Debug|Any CPU
		{885522E8-A87A-4954-A415-03910AC175E0}.Debug|Any CPU.Build.0 = Debug|Any CPU
		{885522E8-A87A-4954-A415-03910AC175E0}.Debug|x64.ActiveCfg = Debug|Any CPU
		{885522E8-A87A-4954-A415-03910AC175E0}.Debug|x64.Build.0 = Debug|Any CPU
		{885522E8-A87A-4954-A415-03910AC175E0}.Debug|x86.ActiveCfg = Debug|Any CPU
		{885522E8-A87A-4954-A415-03910AC175E0}.Debug|x86.Build.0 = Debug|Any CPU
		{885522E8-A87A-4954-A415-03910AC175E0}.Release|Any CPU.ActiveCfg = Release|Any CPU
		{885522E8-A87A-4954-A415-03910AC175E0}.Release|Any CPU.Build.0 = Release|Any CPU
		{885522E8-A87A-4954-A415-03910AC175E0}.Release|x64.ActiveCfg = Release|Any CPU
		{885522E8-A87A-4954-A415-03910AC175E0}.Release|x64.Build.0 = Release|Any CPU
		{885522E8-A87A-4954-A415-03910AC175E0}.Release|x86.ActiveCfg = Release|Any CPU
		{885522E8-A87A-4954-A415-03910AC175E0}.Release|x86.Build.0 = Release|Any CPU
		{86AE8688-A242-433F-9C39-113BB465F15F}.Debug|Any CPU.ActiveCfg = Debug|Any CPU
		{86AE8688-A242-433F-9C39-113BB465F15F}.Debug|Any CPU.Build.0 = Debug|Any CPU
		{86AE8688-A242-433F-9C39-113BB465F15F}.Debug|x64.ActiveCfg = Debug|Any CPU
		{86AE8688-A242-433F-9C39-113BB465F15F}.Debug|x64.Build.0 = Debug|Any CPU
		{86AE8688-A242-433F-9C39-113BB465F15F}.Debug|x86.ActiveCfg = Debug|Any CPU
		{86AE8688-A242-433F-9C39-113BB465F15F}.Debug|x86.Build.0 = Debug|Any CPU
		{86AE8688-A242-433F-9C39-113BB465F15F}.Release|Any CPU.ActiveCfg = Release|Any CPU
		{86AE8688-A242-433F-9C39-113BB465F15F}.Release|Any CPU.Build.0 = Release|Any CPU
		{86AE8688-A242-433F-9C39-113BB465F15F}.Release|x64.ActiveCfg = Release|Any CPU
		{86AE8688-A242-433F-9C39-113BB465F15F}.Release|x64.Build.0 = Release|Any CPU
		{86AE8688-A242-433F-9C39-113BB465F15F}.Release|x86.ActiveCfg = Release|Any CPU
		{86AE8688-A242-433F-9C39-113BB465F15F}.Release|x86.Build.0 = Release|Any CPU
	EndGlobalSection
	GlobalSection(SolutionProperties) = preSolution
		HideSolutionNode = FALSE
	EndGlobalSection
	GlobalSection(NestedProjects) = preSolution
		{DD68D018-7426-4102-B89E-FB23D8781D5B} = {364DCF26-243A-4FDE-8781-BE0BA8E5330A}
		{CB024C03-4B39-4836-BB81-F9A53A054FCA} = {364DCF26-243A-4FDE-8781-BE0BA8E5330A}
		{039BC382-56EF-42EA-8698-8EB96C8E20EE} = {364DCF26-243A-4FDE-8781-BE0BA8E5330A}
		{9CB08215-AA89-4DDE-A16A-1694062B4BA0} = {364DCF26-243A-4FDE-8781-BE0BA8E5330A}
		{445B2AB6-006A-4196-891E-8B96922BCAE4} = {364DCF26-243A-4FDE-8781-BE0BA8E5330A}
		{B4EEC7C5-3BDB-4A12-BC86-60BCDED67E2A} = {364DCF26-243A-4FDE-8781-BE0BA8E5330A}
		{9CF3640C-1B5D-4676-B3AC-C9091E9DF7B9} = {364DCF26-243A-4FDE-8781-BE0BA8E5330A}
		{51D8A43C-E4A1-401D-8725-73BF15CF38A2} = {364DCF26-243A-4FDE-8781-BE0BA8E5330A}
		{1357AAC2-976A-4A06-BDAC-7E1EB0862BE6} = {364DCF26-243A-4FDE-8781-BE0BA8E5330A}
		{396BF34C-68BE-4A02-88D6-7906C8EBFF24} = {364DCF26-243A-4FDE-8781-BE0BA8E5330A}
		{A030677C-5535-4640-8504-86FD2D980B7E} = {364DCF26-243A-4FDE-8781-BE0BA8E5330A}
		{69F152CB-6F85-4F4A-B3A8-1E826FC1B2CD} = {364DCF26-243A-4FDE-8781-BE0BA8E5330A}
		{48C4F215-B97E-42B2-9435-BE26DD48BEA2} = {364DCF26-243A-4FDE-8781-BE0BA8E5330A}
		{E858C597-DFE3-47F4-93CF-3A8CF093B353} = {25A23DB2-B187-447F-BC3E-A44C7044C873}
		{F71069EA-1379-4961-BB17-3B65A1B68056} = {25A23DB2-B187-447F-BC3E-A44C7044C873}
		{F0FD4D20-A4B4-4D74-A18D-0003F879D4E5} = {A0D333B0-AA27-4FB8-A590-CB9B876B5DEB}
		{4088ACA6-7913-4C15-8D40-1C4CBFA8C37E} = {A0D333B0-AA27-4FB8-A590-CB9B876B5DEB}
		{3744E605-EA88-427D-B132-C87D44658ED4} = {A0D333B0-AA27-4FB8-A590-CB9B876B5DEB}
		{CBD46EB0-3390-4B10-8E52-5727914AA8D9} = {A0D333B0-AA27-4FB8-A590-CB9B876B5DEB}
		{8FC62F43-FCA0-4BDE-B2A1-6A49E287A142} = {A0D333B0-AA27-4FB8-A590-CB9B876B5DEB}
		{A65FD99A-94B3-4B84-9AB5-667DE47797F0} = {A0D333B0-AA27-4FB8-A590-CB9B876B5DEB}
		{670D544F-5A64-4DF5-8239-EB9E1487F283} = {A0D333B0-AA27-4FB8-A590-CB9B876B5DEB}
		{E819AA4F-4817-447F-AA19-02D2F33FC447} = {A0D333B0-AA27-4FB8-A590-CB9B876B5DEB}
		{99926CB9-E2AF-4DA7-AAD3-6712163683C1} = {A0D333B0-AA27-4FB8-A590-CB9B876B5DEB}
		{B9846F93-3DF5-498D-BDF2-AB1314D54D5E} = {A0D333B0-AA27-4FB8-A590-CB9B876B5DEB}
		{949AD8A1-4927-400D-A345-05DD6831DAFF} = {32E50B84-F43F-4729-9E18-BE0B565B609F}
		{51FFC785-87DA-4B48-84C5-977A17D821C3} = {32E50B84-F43F-4729-9E18-BE0B565B609F}
		{530A6EE1-187B-40AB-9F31-094E8D2C107C} = {13D99E3B-A4F0-46F2-AB08-12C5DF9E07AE}
		{EFC96F5A-6C10-4CA8-BA6B-1B8B451898F4} = {13D99E3B-A4F0-46F2-AB08-12C5DF9E07AE}
		{D5950691-39EF-4817-9717-AE1203BF08C3} = {13D99E3B-A4F0-46F2-AB08-12C5DF9E07AE}
		{5DACF00D-285A-41C6-995E-682E2322392E} = {13D99E3B-A4F0-46F2-AB08-12C5DF9E07AE}
		{E9DA9E85-89D2-4A39-8E54-1775D769CFD2} = {13D99E3B-A4F0-46F2-AB08-12C5DF9E07AE}
		{4A0FD115-D708-4DF6-A94F-EE49AC2EE316} = {13D99E3B-A4F0-46F2-AB08-12C5DF9E07AE}
		{94A7E207-BAC5-40DE-A8DB-2C443F5D26AA} = {13D99E3B-A4F0-46F2-AB08-12C5DF9E07AE}
		{AA3C9203-B3CE-4EDF-A889-D4E711D90792} = {13D99E3B-A4F0-46F2-AB08-12C5DF9E07AE}
		{E6BBE35E-E4DF-4B92-82F8-EA5B80AE93DE} = {13D99E3B-A4F0-46F2-AB08-12C5DF9E07AE}
		{066EA704-6050-491E-8ADE-AD0C963DD9DA} = {13D99E3B-A4F0-46F2-AB08-12C5DF9E07AE}
		{5A9FCDB3-3B6F-4F76-89F7-0CD116A20951} = {28560CA5-798C-4266-BDCC-B85E00140047}
		{FDF5A194-CACB-4375-90E4-5B7382E56E8C} = {2C8BB412-D3E6-48EC-AD29-8FC2108FE285}
		{34AADB25-76CB-4C33-B012-AFDAB5444EB8} = {FDF5A194-CACB-4375-90E4-5B7382E56E8C}
		{6263EBB4-49D5-4231-B55B-6B69AEBD20AB} = {FDF5A194-CACB-4375-90E4-5B7382E56E8C}
		{588701E3-3435-473D-AE49-39B58E78827C} = {FDF5A194-CACB-4375-90E4-5B7382E56E8C}
		{C865FB4C-25A7-4EBB-876E-58A759467E78} = {32E50B84-F43F-4729-9E18-BE0B565B609F}
		{885522E8-A87A-4954-A415-03910AC175E0} = {FDF5A194-CACB-4375-90E4-5B7382E56E8C}
		{86AE8688-A242-433F-9C39-113BB465F15F} = {8A31029E-47FA-49FE-8AC8-7E8E5CF615D0}
	EndGlobalSection
	GlobalSection(ExtensibilityGlobals) = postSolution
		SolutionGuid = {DB3670B0-C772-4C7C-B259-F5EA28276A02}
	EndGlobalSection
EndGlobal
